
Microsoft Visual Studio Solution File, Format Version 12.00
# Visual Studio Version 16
VisualStudioVersion = 16.0.30309.148
MinimumVisualStudioVersion = 10.0.40219.1
Project("{8BC9CEB8-8B4A-11D0-8D11-00A0C91BC942}") = "01唯一的一对", "唯一的一对\唯一的一对.vcxproj", "{B0B339AF-6332-4747-A5C2-1A2555B2A072}"
EndProject
Project("{2150E333-8FDC-42A3-9474-1A3956D46DE8}") = "01位运算的奇巧淫技", "01位运算的奇巧淫技", "{2D9C934C-AD2D-408A-B76E-3EAAA611A5EA}"
EndProject
Project("{8BC9CEB8-8B4A-11D0-8D11-00A0C91BC942}") = "02找出落单数", "找出落单数\找出落单数.vcxproj", "{BCF5EB4D-4EEF-4192-9D99-7C7BBB04EB70}"
EndProject
Project("{8BC9CEB8-8B4A-11D0-8D11-00A0C91BC942}") = "03二进制中1的个数", "二进制中1的个数\二进制中1的个数.vcxproj", "{C4EC471B-E063-4667-B64B-55A126390402}"
EndProject
Project("{8BC9CEB8-8B4A-11D0-8D11-00A0C91BC942}") = "04是不是2的整数次方", "是不是2的整数次方\是不是2的整数次方.vcxproj", "{70AF1CA9-2662-40FB-8517-529874C02430}"
EndProject
Project("{8BC9CEB8-8B4A-11D0-8D11-00A0C91BC942}") = "05奇偶交换", "奇偶交换\奇偶交换.vcxproj", "{26D513E1-5900-4FD3-84FF-88A1E371A0E2}"
EndProject
Project("{8BC9CEB8-8B4A-11D0-8D11-00A0C91BC942}") = "06小数的二进制", "小数的二进制\小数的二进制.vcxproj", "{796F615D-221C-4208-80D3-8F2F0044CEC0}"
EndProject
Project("{2150E333-8FDC-42A3-9474-1A3956D46DE8}") = "02数组、查找与排序（上）", "02数组、查找与排序（上）", "{3C19E0F1-0C6C-43AB-AA74-7329F963CA7F}"
EndProject
Project("{8BC9CEB8-8B4A-11D0-8D11-00A0C91BC942}") = "01递归", "递归\递归.vcxproj", "{7C328063-10FC-497B-BCA0-A8EE3A737E2B}"
EndProject
Project("{8BC9CEB8-8B4A-11D0-8D11-00A0C91BC942}") = "02二分查找", "二分查找\二分查找.vcxproj", "{B2FB3D14-F46B-49AA-B55C-C7E75CB8D40D}"
EndProject
Project("{8BC9CEB8-8B4A-11D0-8D11-00A0C91BC942}") = "03希尔排序", "希尔排序\希尔排序.vcxproj", "{B93E3F2A-5CF1-4D77-BB7E-1ABDB8A2011B}"
EndProject
Project("{8BC9CEB8-8B4A-11D0-8D11-00A0C91BC942}") = "04二分查找与顺序查找", "性能对比：二分查找与顺序查找\性能对比：二分查找与顺序查找.vcxproj", "{0E60C480-B444-4C0C-BC89-C5277442B23A}"
EndProject
Project("{8BC9CEB8-8B4A-11D0-8D11-00A0C91BC942}") = "05基础排序算法的性能对比", "基础排序算法的性能对比\基础排序算法的性能对比.vcxproj", "{0D49F293-5E9D-4674-8009-67C121B212DE}"
EndProject
Project("{8BC9CEB8-8B4A-11D0-8D11-00A0C91BC942}") = "06小白兔上楼梯", "06小白兔上楼梯\06小白兔上楼梯.vcxproj", "{2DB473A8-B3C2-4F70-953F-EEDAB68104B8}"
EndProject
Project("{8BC9CEB8-8B4A-11D0-8D11-00A0C91BC942}") = "07旋转数组的最小数字", "07旋转数组的最小数字\07旋转数组的最小数字.vcxproj", "{CCA12BF1-DE65-440F-89CA-932633AD413F}"
EndProject
Project("{8BC9CEB8-8B4A-11D0-8D11-00A0C91BC942}") = "08在有空字符串中的有序字符串数组中查找", "08在有空字符串中的有序字符串数组中查找\08在有空字符串中的有序字符串数组中查找.vcxproj", "{8FB4C7AC-FEE5-4137-AEB8-60B8726372E0}"
EndProject
Project("{8BC9CEB8-8B4A-11D0-8D11-00A0C91BC942}") = "09找出最长连续递增子序列", "09找出最长连续递增子序列\09找出最长连续递增子序列.vcxproj", "{281F2DDC-FACA-40D9-9B03-BB6EDEE6C4B0}"
EndProject
Project("{8BC9CEB8-8B4A-11D0-8D11-00A0C91BC942}") = "10快速设计一个高效的求a的n次幂的算法", "10快速设计一个高效的求a的n次幂的算法\10快速设计一个高效的求a的n次幂的算法.vcxproj", "{29BD1A49-A716-4255-9B07-1EDD85EB0AD9}"
EndProject
Project("{2150E333-8FDC-42A3-9474-1A3956D46DE8}") = "03数组、查找与排序（下）", "03数组、查找与排序（下）", "{AAC169EA-F321-4E46-9FBA-6836D22075C4}"
EndProject
Project("{8BC9CEB8-8B4A-11D0-8D11-00A0C91BC942}") = "01快排之单向扫描分区法", "01快排之单向扫描分区法\01快排之单向扫描分区法.vcxproj", "{3855F9E2-7434-4369-8672-907402F94069}"
EndProject
Project("{8BC9CEB8-8B4A-11D0-8D11-00A0C91BC942}") = "02快排之双向扫描分区法", "02快排之双向扫描分区法\02快排之双向扫描分区法.vcxproj", "{A4FF92D2-6F02-495E-8EB8-0E7827234DAB}"
EndProject
Project("{8BC9CEB8-8B4A-11D0-8D11-00A0C91BC942}") = "03快排之三指针分区法", "03快排之三指针分区法\03快排之三指针分区法.vcxproj", "{E09E55FA-A2FC-4725-8A32-9A1C3D600EB2}"
EndProject
Project("{8BC9CEB8-8B4A-11D0-8D11-00A0C91BC942}") = "04优化过后的快速排序算法", "04优化过后的快速排序算法\04优化过后的快速排序算法.vcxproj", "{0069DC37-81EA-4A59-A0DD-834B20373591}"
EndProject
Project("{8BC9CEB8-8B4A-11D0-8D11-00A0C91BC942}") = "05分治模式的完美诠释：归并排序", "05归并排序\05归并排序.vcxproj", "{3F88AA4A-978E-49D6-AAD8-DEBAC9B81306}"
EndProject
Project("{8BC9CEB8-8B4A-11D0-8D11-00A0C91BC942}") = "08题解：调整数组顺序奇数在左，偶数在右", "08题解：调整数组顺序奇数在左，偶数在右\08题解：调整数组顺序奇数在左，偶数在右.vcxproj", "{24391F8D-735E-4D99-BFB0-FAB4C8B51AB3}"
EndProject
Project("{8BC9CEB8-8B4A-11D0-8D11-00A0C91BC942}") = "09最快效率求出乱序数组中第k小的数", "09最快效率求出乱序数组中第k小的数\09最快效率求出乱序数组中第k小的数.vcxproj", "{B1949700-FAA1-401B-A9A6-9E608FCC8ED2}"
EndProject
Project("{8BC9CEB8-8B4A-11D0-8D11-00A0C91BC942}") = "10实战解题：哪个数字超过了一半", "10实战解题：哪个数字超过了一半\10实战解题：哪个数字超过了一半.vcxproj", "{F5F675A5-80E8-4B14-A56D-B067AB26BFEF}"
EndProject
Project("{8BC9CEB8-8B4A-11D0-8D11-00A0C91BC942}") = "11趣味拓展：寻找发帖水王", "11趣味拓展：寻找发帖水王\11趣味拓展：寻找发帖水王.vcxproj", "{20902588-74D7-4D32-80B2-9F12DEF5412E}"
EndProject
Project("{8BC9CEB8-8B4A-11D0-8D11-00A0C91BC942}") = "12实践：最小可用id是多少", "12实践：最小可用id是多少（上）\12实践：最小可用id是多少（上）.vcxproj", "{F2EAD873-D8ED-4811-ADAD-73B0BAAE0F23}"
EndProject
Project("{8BC9CEB8-8B4A-11D0-8D11-00A0C91BC942}") = "13两道归并排序的题目", "13两道归并排序的题目\13两道归并排序的题目.vcxproj", "{1F8369FA-C043-4107-AC51-3955CD767EC8}"
EndProject
Project("{8BC9CEB8-8B4A-11D0-8D11-00A0C91BC942}") = "14逆序数", "14逆序数\14逆序数.vcxproj", "{C6E42FC4-6A1B-4971-8D1C-2DED93F530F8}"
EndProject
Project("{8BC9CEB8-8B4A-11D0-8D11-00A0C91BC942}") = "15堆排序", "15堆排序\15堆排序.vcxproj", "{857246DA-A319-49BD-A9EF-9311A4F887F6}"
EndProject
Project("{8BC9CEB8-8B4A-11D0-8D11-00A0C91BC942}") = "16计数排序", "16计数排序\16计数排序.vcxproj", "{DE395A80-7FB1-45E1-80EB-49E019736433}"
EndProject
Project("{8BC9CEB8-8B4A-11D0-8D11-00A0C91BC942}") = "17桶排序", "17桶排序\17桶排序.vcxproj", "{6B7F3376-453D-4C01-9F01-8B306BFC488F}"
EndProject
Project("{8BC9CEB8-8B4A-11D0-8D11-00A0C91BC942}") = "18基数排序", "18基数排序\18基数排序.vcxproj", "{696398CE-C983-4B88-8309-B647E5D6827F}"
EndProject
Project("{8BC9CEB8-8B4A-11D0-8D11-00A0C91BC942}") = "19相关题解：排序数组中找和的因子", "19相关题解：排序数组中找和的因子\19相关题解：排序数组中找和的因子.vcxproj", "{621CDCDD-FCA6-412F-B4F0-55BCA6EF299D}"
EndProject
Project("{8BC9CEB8-8B4A-11D0-8D11-00A0C91BC942}") = "20计算需排序的子数组长度", "20计算需排序的子数组长度\20计算需排序的子数组长度.vcxproj", "{8F15BB93-994D-4C87-9265-D5D06EAA16FD}"
EndProject
Project("{8BC9CEB8-8B4A-11D0-8D11-00A0C91BC942}") = "21知其然知其所以然：小顶堆与topK", "21知其然知其所以然：小顶堆与topK\21知其然知其所以然：小顶堆与topK.vcxproj", "{09522AF9-EDA8-4BD2-8C31-D16A4A05F5B8}"
EndProject
Project("{8BC9CEB8-8B4A-11D0-8D11-00A0C91BC942}") = "22用计数排序解决员工年龄问题", "22用计数排序解决员工年龄问题\22用计数排序解决员工年龄问题.vcxproj", "{211464A3-B2F6-4244-9D52-4F7E2D3C23FE}"
EndProject
Project("{8BC9CEB8-8B4A-11D0-8D11-00A0C91BC942}") = "23天外有天：特殊排序", "23天外有天：特殊排序\23天外有天：特殊排序.vcxproj", "{1757D969-1D92-43CE-AAE2-29181B4062B7}"
EndProject
Project("{8BC9CEB8-8B4A-11D0-8D11-00A0C91BC942}") = "24判断包含问题", "24判断包含问题\24判断包含问题.vcxproj", "{B4223A75-14BC-4C59-A4CB-9E9486EC49A1}"
EndProject
Project("{2150E333-8FDC-42A3-9474-1A3956D46DE8}") = "04多维数组与矩阵", "04多维数组与矩阵", "{CA349408-0E59-484E-8A24-E18BC0AED637}"
EndProject
Project("{8BC9CEB8-8B4A-11D0-8D11-00A0C91BC942}") = "01基础题：顺时针打印二维数组", "01基础题：顺时针打印二维数组\01基础题：顺时针打印二维数组.vcxproj", "{839D0339-F519-4128-835D-BAF938113A97}"
EndProject
Project("{8BC9CEB8-8B4A-11D0-8D11-00A0C91BC942}") = "02基础题：将0所在的行和列都清零", "02基础题：将0所在的行和列都清零\02基础题：将0所在的行和列都清零.vcxproj", "{E9B454C2-6B2C-4AFC-B690-B38C3C62B6A0}"
EndProject
Project("{8BC9CEB8-8B4A-11D0-8D11-00A0C91BC942}") = "03Z字型打印二维数组", "03Z字型打印二维数组\03Z字型打印二维数组.vcxproj", "{12839C92-7D55-4DE2-9887-BCDBE58AB01B}"
EndProject
Project("{8BC9CEB8-8B4A-11D0-8D11-00A0C91BC942}") = "04找出边界为1的最大子方阵", "04找出边界为1的最大子方阵\04找出边界为1的最大子方阵.vcxproj", "{3966A653-62E6-434B-A936-CF07F2C6CA61}"
EndProject
Project("{8BC9CEB8-8B4A-11D0-8D11-00A0C91BC942}") = "05边界为1的最大子方阵优化", "05边界为1的最大子方阵优化（上）\05边界为1的最大子方阵优化（上）.vcxproj", "{1581D8F1-25D2-4A53-8846-0B4A659F7B81}"
EndProject
Project("{8BC9CEB8-8B4A-11D0-8D11-00A0C91BC942}") = "06题解：编程返回子数组最大累加和", "06题解：编程返回子数组最大累加和\06题解：编程返回子数组最大累加和.vcxproj", "{9C77DE91-BF52-4887-BFB2-61B5E3AE7D68}"
EndProject
Project("{8BC9CEB8-8B4A-11D0-8D11-00A0C91BC942}") = "07题解：求子矩阵最大累加和", "07题解：求子矩阵最大累加和\07题解：求子矩阵最大累加和.vcxproj", "{ABD266DF-FD2A-456D-9063-79AF9CB12BD5}"
EndProject
Project("{8BC9CEB8-8B4A-11D0-8D11-00A0C91BC942}") = "08矩阵运算", "08矩阵运算\08矩阵运算.vcxproj", "{FDF111BA-CD8C-418A-B3AB-A6EADA5ED6B8}"
EndProject
Project("{2150E333-8FDC-42A3-9474-1A3956D46DE8}") = "05字符串专题", "05字符串专题", "{D0DB1D34-E6C9-4521-BFA0-6E79A8E2BBF3}"
EndProject
Project("{8BC9CEB8-8B4A-11D0-8D11-00A0C91BC942}") = "01题解：判断字符串有无重复字符", "01题解：判断字符串有无重复字符\01题解：判断字符串有无重复字符.vcxproj", "{62CF5D5D-A8C9-4873-967F-452DC51F49D6}"
EndProject
Project("{8BC9CEB8-8B4A-11D0-8D11-00A0C91BC942}") = "02题解：巧妙翻转字符串", "02题解：巧妙翻转字符串\02题解：巧妙翻转字符串.vcxproj", "{0C55519A-156D-4F02-9F0E-254E6953E0F2}"
EndProject
Project("{8BC9CEB8-8B4A-11D0-8D11-00A0C91BC942}") = "03走出思维误区：变形词问题", "03走出思维误区：变形词问题\03走出思维误区：变形词问题.vcxproj", "{C8AB0FFB-BEB5-447F-8BDF-F5D56833B869}"
EndProject
Project("{8BC9CEB8-8B4A-11D0-8D11-00A0C91BC942}") = "04实践：替换字符串中的空格", "06实践：替换字符串中的空格\06实践：替换字符串中的空格.vcxproj", "{5D544E75-B2E4-49B6-A860-5B71DC3D1038}"
EndProject
Project("{8BC9CEB8-8B4A-11D0-8D11-00A0C91BC942}") = "05压缩字符串", "07压缩字符串\07压缩字符串.vcxproj", "{97B66439-FCF0-42B0-9A4D-50F6C99E61BD}"
EndProject
Project("{8BC9CEB8-8B4A-11D0-8D11-00A0C91BC942}") = "06判断两个字符串的字符集是否相同", "08判断两个字符串的字符集是否相同\08判断两个字符串的字符集是否相同.vcxproj", "{BC3352E4-3965-4B3D-B0E0-D98428FCD29D}"
EndProject
Project("{8BC9CEB8-8B4A-11D0-8D11-00A0C91BC942}") = "07题解：旋转词", "09题解：旋转词\09题解：旋转词.vcxproj", "{1AA947E1-413A-4794-9E5D-1B347CAA583F}"
EndProject
Project("{8BC9CEB8-8B4A-11D0-8D11-00A0C91BC942}") = "08题解：将字符串按照单词翻转", "10题解：将字符串按照单词翻转\10题解：将字符串按照单词翻转.vcxproj", "{2A53155D-3974-4041-8C25-0F8F76BFA193}"
EndProject
Project("{8BC9CEB8-8B4A-11D0-8D11-00A0C91BC942}") = "09题解：去掉连续出现的k次的0", "09题解：去掉连续出现的k次的0\09题解：去掉连续出现的k次的0.vcxproj", "{CC88E8A4-FCF3-4F94-B3C8-7F6266A8F4A6}"
EndProject
Project("{8BC9CEB8-8B4A-11D0-8D11-00A0C91BC942}") = "10回文串", "10回文串\10回文串.vcxproj", "{39580467-A30D-466A-BAEB-1AC582FDE45A}"
EndProject
Project("{8BC9CEB8-8B4A-11D0-8D11-00A0C91BC942}") = "11字符串匹配之PabinKarp", "11字符串匹配之PabinKarp\11字符串匹配之PabinKarp.vcxproj", "{3B5B0DB6-422B-4535-A7E0-BA69B5501AF0}"
EndProject
Project("{8BC9CEB8-8B4A-11D0-8D11-00A0C91BC942}") = "12字符串匹配之KMP", "12字符串匹配之KMP\12字符串匹配之KMP.vcxproj", "{39D66F0A-BB5B-4541-BD83-0D825E3E86CA}"
EndProject
Project("{8BC9CEB8-8B4A-11D0-8D11-00A0C91BC942}") = "13字符串匹配之后缀数组", "13字符串匹配之后缀数组\13字符串匹配之后缀数组.vcxproj", "{9BA03EFE-D162-47BB-8C3E-EF2EE5468895}"
EndProject
Project("{8BC9CEB8-8B4A-11D0-8D11-00A0C91BC942}") = "14尺曲法例题：hiho字符串", "14尺曲法例题：hiho字符串\14尺曲法例题：hiho字符串.vcxproj", "{D8502B52-3B02-4918-B99E-A50CDEFC1CA0}"
EndProject
Project("{8BC9CEB8-8B4A-11D0-8D11-00A0C91BC942}") = "15next数组的应用：周期串", "15next数组的应用：周期串\15next数组的应用：周期串.vcxproj", "{CFDB0768-4E6E-4083-BF08-D9127DEC08AA}"
EndProject
Project("{8BC9CEB8-8B4A-11D0-8D11-00A0C91BC942}") = "16后缀数组的应用", "16后缀数组的应用\16后缀数组的应用.vcxproj", "{856F634E-48F6-4A12-8590-04FC50F10B66}"
EndProject
Project("{2150E333-8FDC-42A3-9474-1A3956D46DE8}") = "06基本数学问题", "06基本数学问题", "{819928A2-568E-4D1D-B8D6-0B7264D7B473}"
EndProject
Project("{8BC9CEB8-8B4A-11D0-8D11-00A0C91BC942}") = "01巧用进制解决天平称重问题", "01巧用进制解决天平称重问题\01巧用进制解决天平称重问题.vcxproj", "{2A282BE8-8B2E-4CF1-8CE9-9DEB18A53AF3}"
EndProject
Project("{8BC9CEB8-8B4A-11D0-8D11-00A0C91BC942}") = "02经典数学问题Nim游戏", "02经典数学问题Nim游戏\02经典数学问题Nim游戏.vcxproj", "{761FBBBC-F412-4C19-88AB-3939053F3A65}"
EndProject
Project("{8BC9CEB8-8B4A-11D0-8D11-00A0C91BC942}") = "03阶梯Nim博弈问题", "03阶梯Nim博弈问题\03阶梯Nim博弈问题.vcxproj", "{98315994-03CE-4AE4-A2AB-246C53531164}"
EndProject
Project("{8BC9CEB8-8B4A-11D0-8D11-00A0C91BC942}") = "04欧几里得算法gcd", "04欧几里得算法gcd\04欧几里得算法gcd.vcxproj", "{B7C30DDE-08B9-450E-8B5B-FC3FC6A0EEFC}"
EndProject
Project("{8BC9CEB8-8B4A-11D0-8D11-00A0C91BC942}") = "05欧几里得算法的扩展：裴蜀（贝祖）等式", "05欧几里得算法的扩展：裴蜀（贝祖）等式\05欧几里得算法的扩展：裴蜀（贝祖）等式.vcxproj", "{0F3D539E-9CFF-4728-82DC-FCB21151527B}"
EndProject
Project("{8BC9CEB8-8B4A-11D0-8D11-00A0C91BC942}") = "06一维世界的爱情：青蛙的约会", "06一维世界的爱情：青蛙的约会\06一维世界的爱情：青蛙的约会.vcxproj", "{A77040D1-1E1F-4F54-8604-2B0DA16C668E}"
EndProject
Project("{8BC9CEB8-8B4A-11D0-8D11-00A0C91BC942}") = "07特殊的同余方程：逆元", "07特殊的同余方程：逆元\07特殊的同余方程：逆元.vcxproj", "{6560A5FF-5167-4D5F-BDD0-9D3A5740212F}"
EndProject
Project("{8BC9CEB8-8B4A-11D0-8D11-00A0C91BC942}") = "08素数的测试和质因数的分解", "08素数的测试和质因数的分解\08素数的测试和质因数的分解.vcxproj", "{517816E7-C4FE-4593-B001-ECF5936F6B68}"
EndProject
Project("{8BC9CEB8-8B4A-11D0-8D11-00A0C91BC942}") = "09素数的筛法：埃氏筛法", "09素数的筛法：埃氏筛法\09素数的筛法：埃氏筛法.vcxproj", "{3FF7568A-C67A-4628-9D50-1B26B249D156}"
EndProject
Project("{8BC9CEB8-8B4A-11D0-8D11-00A0C91BC942}") = "10快速幂运算", "10快速幂运算\10快速幂运算.vcxproj", "{F20141DA-7097-493A-981E-593B5C631855}"
EndProject
Project("{8BC9CEB8-8B4A-11D0-8D11-00A0C91BC942}") = "11矩阵快速幂与斐波那契数列", "11矩阵快速幂与斐波那契数列\11矩阵快速幂与斐波那契数列.vcxproj", "{6DF686A5-AC9B-412C-B7A1-E1676AB57239}"
EndProject
Project("{2150E333-8FDC-42A3-9474-1A3956D46DE8}") = "07递归、DFS、剪枝、回溯等问题", "07递归、DFS、剪枝、回溯等问题", "{B8D4487F-E0FB-4567-B138-54DAFF2B9846}"
EndProject
Project("{8BC9CEB8-8B4A-11D0-8D11-00A0C91BC942}") = "01跳楼梯问题", "01跳楼梯问题\01跳楼梯问题.vcxproj", "{20A6B25F-BA04-4B8E-A85E-BF4032F662AD}"
EndProject
Project("{8BC9CEB8-8B4A-11D0-8D11-00A0C91BC942}") = "02题解：机器人走方格", "02题解：机器人走方格\02题解：机器人走方格.vcxproj", "{336FBD9E-9FF9-4A98-90B6-B849EA3CDFDD}"
EndProject
Project("{8BC9CEB8-8B4A-11D0-8D11-00A0C91BC942}") = "03硬币组合", "03硬币组合\03硬币组合.vcxproj", "{FBA742D4-2621-4387-9765-CEF7C931D265}"
EndProject
Project("{8BC9CEB8-8B4A-11D0-8D11-00A0C91BC942}") = "04合法括号", "04合法括号\04合法括号.vcxproj", "{600755CD-F970-4A84-BB63-267E964E0470}"
EndProject
Project("{8BC9CEB8-8B4A-11D0-8D11-00A0C91BC942}") = "05题解：子集生成", "05题解：子集生成\05题解：子集生成.vcxproj", "{934685BC-2E4C-4028-8A56-66E872116694}"
EndProject
Project("{8BC9CEB8-8B4A-11D0-8D11-00A0C91BC942}") = "06题解：二进制生成子集", "06题解：二进制生成子集\06题解：二进制生成子集.vcxproj", "{5B3B523A-0683-4F5F-9193-E553EEB101D3}"
EndProject
Project("{8BC9CEB8-8B4A-11D0-8D11-00A0C91BC942}") = "07插空全排列", "07插空全排列\07插空全排列.vcxproj", "{18A2053C-1B09-4734-A072-FF02014F6481}"
EndProject
Project("{8BC9CEB8-8B4A-11D0-8D11-00A0C91BC942}") = "08交换递归全排列", "08交换递归全排列\08交换递归全排列.vcxproj", "{46813EFB-C425-4B26-9E70-9A9D5ADD4548}"
EndProject
Project("{8BC9CEB8-8B4A-11D0-8D11-00A0C91BC942}") = "09前缀搜索全排列", "09前缀搜索全排列\09前缀搜索全排列.vcxproj", "{AA258134-2E50-4CC7-8A0E-2D0B2F2AEFF6}"
EndProject
Project("{8BC9CEB8-8B4A-11D0-8D11-00A0C91BC942}") = "10数独游戏", "10速度游戏\10速度游戏.vcxproj", "{7D972D89-0EA8-45ED-A3CB-6D3AF0F1610C}"
EndProject
Project("{8BC9CEB8-8B4A-11D0-8D11-00A0C91BC942}") = "11部分和", "11部分和\11部分和.vcxproj", "{5E4A66A4-991B-4323-853E-15E77EFF68D3}"
EndProject
Project("{8BC9CEB8-8B4A-11D0-8D11-00A0C91BC942}") = "12水洼数", "12水洼数\12水洼数.vcxproj", "{657C09DC-A2E8-46F3-8DEF-AFA20907E157}"
EndProject
Project("{8BC9CEB8-8B4A-11D0-8D11-00A0C91BC942}") = "13八皇后问题", "13八皇后问题\13八皇后问题.vcxproj", "{94414073-7BD5-42C4-8680-F99AC46C9B75}"
EndProject
Project("{8BC9CEB8-8B4A-11D0-8D11-00A0C91BC942}") = "14素数环", "14素数环\14素数环.vcxproj", "{100BD545-0E09-4D47-86DF-AAE09929A7D0}"
EndProject
Project("{8BC9CEB8-8B4A-11D0-8D11-00A0C91BC942}") = "15困难的串", "15困难的串\15困难的串.vcxproj", "{0D5CBA85-8977-4973-BD37-41D8D9D29BF7}"
EndProject
Project("{2150E333-8FDC-42A3-9474-1A3956D46DE8}") = "08贪心策略与动态规划", "08贪心策略与动态规划", "{583D5B28-5613-476A-A499-60EE98705E46}"
EndProject
Project("{8BC9CEB8-8B4A-11D0-8D11-00A0C91BC942}") = "01硬币问题", "01硬币问题\01硬币问题.vcxproj", "{11A2DE65-F845-4CE4-89D2-4D31714EFD4E}"
EndProject
Project("{8BC9CEB8-8B4A-11D0-8D11-00A0C91BC942}") = "02渡河问题", "02渡河问题\02渡河问题.vcxproj", "{B50FF1AC-B84F-4E9F-B149-156696D9E73F}"
EndProject
Project("{8BC9CEB8-8B4A-11D0-8D11-00A0C91BC942}") = "03区间跨度问题", "03区间跨度问题\03区间跨度问题.vcxproj", "{CE4BD220-DED9-48B8-B9F4-D638714E1953}"
EndProject
Project("{8BC9CEB8-8B4A-11D0-8D11-00A0C91BC942}") = "04树状数组", "04树状数组\04树状数组.vcxproj", "{221E7B87-8025-4937-9B80-FA3598AA16AD}"
EndProject
Project("{8BC9CEB8-8B4A-11D0-8D11-00A0C91BC942}") = "05区间选点", "05区间选点\05区间选点.vcxproj", "{5AB3F122-5839-4500-B900-EC2844FD48B2}"
EndProject
Project("{8BC9CEB8-8B4A-11D0-8D11-00A0C91BC942}") = "06区间覆盖", "06区间覆盖\06区间覆盖.vcxproj", "{2F264313-26DE-4594-8DE1-C0B8DE0460D0}"
EndProject
Project("{8BC9CEB8-8B4A-11D0-8D11-00A0C91BC942}") = "07字典序最小问题", "07字典序最小问题\07字典序最小问题.vcxproj", "{4D9D9DF9-AF7D-475B-BA71-1AE034ECFA08}"
EndProject
Project("{8BC9CEB8-8B4A-11D0-8D11-00A0C91BC942}") = "08背包问题之最优装载问题", "08背包问题之最优装载问题\08背包问题之最优装载问题.vcxproj", "{5DD58198-79DC-4D5C-BBF1-523F8DA5CBAE}"
EndProject
Global
	GlobalSection(SolutionConfigurationPlatforms) = preSolution
		Debug|x64 = Debug|x64
		Debug|x86 = Debug|x86
		Release|x64 = Release|x64
		Release|x86 = Release|x86
	EndGlobalSection
	GlobalSection(ProjectConfigurationPlatforms) = postSolution
		{B0B339AF-6332-4747-A5C2-1A2555B2A072}.Debug|x64.ActiveCfg = Debug|x64
		{B0B339AF-6332-4747-A5C2-1A2555B2A072}.Debug|x64.Build.0 = Debug|x64
		{B0B339AF-6332-4747-A5C2-1A2555B2A072}.Debug|x86.ActiveCfg = Debug|Win32
		{B0B339AF-6332-4747-A5C2-1A2555B2A072}.Debug|x86.Build.0 = Debug|Win32
		{B0B339AF-6332-4747-A5C2-1A2555B2A072}.Release|x64.ActiveCfg = Release|x64
		{B0B339AF-6332-4747-A5C2-1A2555B2A072}.Release|x64.Build.0 = Release|x64
		{B0B339AF-6332-4747-A5C2-1A2555B2A072}.Release|x86.ActiveCfg = Release|Win32
		{B0B339AF-6332-4747-A5C2-1A2555B2A072}.Release|x86.Build.0 = Release|Win32
		{BCF5EB4D-4EEF-4192-9D99-7C7BBB04EB70}.Debug|x64.ActiveCfg = Debug|x64
		{BCF5EB4D-4EEF-4192-9D99-7C7BBB04EB70}.Debug|x64.Build.0 = Debug|x64
		{BCF5EB4D-4EEF-4192-9D99-7C7BBB04EB70}.Debug|x86.ActiveCfg = Debug|Win32
		{BCF5EB4D-4EEF-4192-9D99-7C7BBB04EB70}.Debug|x86.Build.0 = Debug|Win32
		{BCF5EB4D-4EEF-4192-9D99-7C7BBB04EB70}.Release|x64.ActiveCfg = Release|x64
		{BCF5EB4D-4EEF-4192-9D99-7C7BBB04EB70}.Release|x64.Build.0 = Release|x64
		{BCF5EB4D-4EEF-4192-9D99-7C7BBB04EB70}.Release|x86.ActiveCfg = Release|Win32
		{BCF5EB4D-4EEF-4192-9D99-7C7BBB04EB70}.Release|x86.Build.0 = Release|Win32
		{C4EC471B-E063-4667-B64B-55A126390402}.Debug|x64.ActiveCfg = Debug|x64
		{C4EC471B-E063-4667-B64B-55A126390402}.Debug|x64.Build.0 = Debug|x64
		{C4EC471B-E063-4667-B64B-55A126390402}.Debug|x86.ActiveCfg = Debug|Win32
		{C4EC471B-E063-4667-B64B-55A126390402}.Debug|x86.Build.0 = Debug|Win32
		{C4EC471B-E063-4667-B64B-55A126390402}.Release|x64.ActiveCfg = Release|x64
		{C4EC471B-E063-4667-B64B-55A126390402}.Release|x64.Build.0 = Release|x64
		{C4EC471B-E063-4667-B64B-55A126390402}.Release|x86.ActiveCfg = Release|Win32
		{C4EC471B-E063-4667-B64B-55A126390402}.Release|x86.Build.0 = Release|Win32
		{70AF1CA9-2662-40FB-8517-529874C02430}.Debug|x64.ActiveCfg = Debug|x64
		{70AF1CA9-2662-40FB-8517-529874C02430}.Debug|x64.Build.0 = Debug|x64
		{70AF1CA9-2662-40FB-8517-529874C02430}.Debug|x86.ActiveCfg = Debug|Win32
		{70AF1CA9-2662-40FB-8517-529874C02430}.Debug|x86.Build.0 = Debug|Win32
		{70AF1CA9-2662-40FB-8517-529874C02430}.Release|x64.ActiveCfg = Release|x64
		{70AF1CA9-2662-40FB-8517-529874C02430}.Release|x64.Build.0 = Release|x64
		{70AF1CA9-2662-40FB-8517-529874C02430}.Release|x86.ActiveCfg = Release|Win32
		{70AF1CA9-2662-40FB-8517-529874C02430}.Release|x86.Build.0 = Release|Win32
		{26D513E1-5900-4FD3-84FF-88A1E371A0E2}.Debug|x64.ActiveCfg = Debug|x64
		{26D513E1-5900-4FD3-84FF-88A1E371A0E2}.Debug|x64.Build.0 = Debug|x64
		{26D513E1-5900-4FD3-84FF-88A1E371A0E2}.Debug|x86.ActiveCfg = Debug|Win32
		{26D513E1-5900-4FD3-84FF-88A1E371A0E2}.Debug|x86.Build.0 = Debug|Win32
		{26D513E1-5900-4FD3-84FF-88A1E371A0E2}.Release|x64.ActiveCfg = Release|x64
		{26D513E1-5900-4FD3-84FF-88A1E371A0E2}.Release|x64.Build.0 = Release|x64
		{26D513E1-5900-4FD3-84FF-88A1E371A0E2}.Release|x86.ActiveCfg = Release|Win32
		{26D513E1-5900-4FD3-84FF-88A1E371A0E2}.Release|x86.Build.0 = Release|Win32
		{796F615D-221C-4208-80D3-8F2F0044CEC0}.Debug|x64.ActiveCfg = Debug|x64
		{796F615D-221C-4208-80D3-8F2F0044CEC0}.Debug|x64.Build.0 = Debug|x64
		{796F615D-221C-4208-80D3-8F2F0044CEC0}.Debug|x86.ActiveCfg = Debug|Win32
		{796F615D-221C-4208-80D3-8F2F0044CEC0}.Debug|x86.Build.0 = Debug|Win32
		{796F615D-221C-4208-80D3-8F2F0044CEC0}.Release|x64.ActiveCfg = Release|x64
		{796F615D-221C-4208-80D3-8F2F0044CEC0}.Release|x64.Build.0 = Release|x64
		{796F615D-221C-4208-80D3-8F2F0044CEC0}.Release|x86.ActiveCfg = Release|Win32
		{796F615D-221C-4208-80D3-8F2F0044CEC0}.Release|x86.Build.0 = Release|Win32
		{7C328063-10FC-497B-BCA0-A8EE3A737E2B}.Debug|x64.ActiveCfg = Debug|x64
		{7C328063-10FC-497B-BCA0-A8EE3A737E2B}.Debug|x64.Build.0 = Debug|x64
		{7C328063-10FC-497B-BCA0-A8EE3A737E2B}.Debug|x86.ActiveCfg = Debug|Win32
		{7C328063-10FC-497B-BCA0-A8EE3A737E2B}.Debug|x86.Build.0 = Debug|Win32
		{7C328063-10FC-497B-BCA0-A8EE3A737E2B}.Release|x64.ActiveCfg = Release|x64
		{7C328063-10FC-497B-BCA0-A8EE3A737E2B}.Release|x64.Build.0 = Release|x64
		{7C328063-10FC-497B-BCA0-A8EE3A737E2B}.Release|x86.ActiveCfg = Release|Win32
		{7C328063-10FC-497B-BCA0-A8EE3A737E2B}.Release|x86.Build.0 = Release|Win32
		{B2FB3D14-F46B-49AA-B55C-C7E75CB8D40D}.Debug|x64.ActiveCfg = Debug|x64
		{B2FB3D14-F46B-49AA-B55C-C7E75CB8D40D}.Debug|x64.Build.0 = Debug|x64
		{B2FB3D14-F46B-49AA-B55C-C7E75CB8D40D}.Debug|x86.ActiveCfg = Debug|Win32
		{B2FB3D14-F46B-49AA-B55C-C7E75CB8D40D}.Debug|x86.Build.0 = Debug|Win32
		{B2FB3D14-F46B-49AA-B55C-C7E75CB8D40D}.Release|x64.ActiveCfg = Release|x64
		{B2FB3D14-F46B-49AA-B55C-C7E75CB8D40D}.Release|x64.Build.0 = Release|x64
		{B2FB3D14-F46B-49AA-B55C-C7E75CB8D40D}.Release|x86.ActiveCfg = Release|Win32
		{B2FB3D14-F46B-49AA-B55C-C7E75CB8D40D}.Release|x86.Build.0 = Release|Win32
		{B93E3F2A-5CF1-4D77-BB7E-1ABDB8A2011B}.Debug|x64.ActiveCfg = Debug|x64
		{B93E3F2A-5CF1-4D77-BB7E-1ABDB8A2011B}.Debug|x64.Build.0 = Debug|x64
		{B93E3F2A-5CF1-4D77-BB7E-1ABDB8A2011B}.Debug|x86.ActiveCfg = Debug|Win32
		{B93E3F2A-5CF1-4D77-BB7E-1ABDB8A2011B}.Debug|x86.Build.0 = Debug|Win32
		{B93E3F2A-5CF1-4D77-BB7E-1ABDB8A2011B}.Release|x64.ActiveCfg = Release|x64
		{B93E3F2A-5CF1-4D77-BB7E-1ABDB8A2011B}.Release|x64.Build.0 = Release|x64
		{B93E3F2A-5CF1-4D77-BB7E-1ABDB8A2011B}.Release|x86.ActiveCfg = Release|Win32
		{B93E3F2A-5CF1-4D77-BB7E-1ABDB8A2011B}.Release|x86.Build.0 = Release|Win32
		{0E60C480-B444-4C0C-BC89-C5277442B23A}.Debug|x64.ActiveCfg = Debug|x64
		{0E60C480-B444-4C0C-BC89-C5277442B23A}.Debug|x64.Build.0 = Debug|x64
		{0E60C480-B444-4C0C-BC89-C5277442B23A}.Debug|x86.ActiveCfg = Debug|Win32
		{0E60C480-B444-4C0C-BC89-C5277442B23A}.Debug|x86.Build.0 = Debug|Win32
		{0E60C480-B444-4C0C-BC89-C5277442B23A}.Release|x64.ActiveCfg = Release|x64
		{0E60C480-B444-4C0C-BC89-C5277442B23A}.Release|x64.Build.0 = Release|x64
		{0E60C480-B444-4C0C-BC89-C5277442B23A}.Release|x86.ActiveCfg = Release|Win32
		{0E60C480-B444-4C0C-BC89-C5277442B23A}.Release|x86.Build.0 = Release|Win32
		{0D49F293-5E9D-4674-8009-67C121B212DE}.Debug|x64.ActiveCfg = Debug|x64
		{0D49F293-5E9D-4674-8009-67C121B212DE}.Debug|x64.Build.0 = Debug|x64
		{0D49F293-5E9D-4674-8009-67C121B212DE}.Debug|x86.ActiveCfg = Debug|Win32
		{0D49F293-5E9D-4674-8009-67C121B212DE}.Debug|x86.Build.0 = Debug|Win32
		{0D49F293-5E9D-4674-8009-67C121B212DE}.Release|x64.ActiveCfg = Release|x64
		{0D49F293-5E9D-4674-8009-67C121B212DE}.Release|x64.Build.0 = Release|x64
		{0D49F293-5E9D-4674-8009-67C121B212DE}.Release|x86.ActiveCfg = Release|Win32
		{0D49F293-5E9D-4674-8009-67C121B212DE}.Release|x86.Build.0 = Release|Win32
		{2DB473A8-B3C2-4F70-953F-EEDAB68104B8}.Debug|x64.ActiveCfg = Debug|x64
		{2DB473A8-B3C2-4F70-953F-EEDAB68104B8}.Debug|x64.Build.0 = Debug|x64
		{2DB473A8-B3C2-4F70-953F-EEDAB68104B8}.Debug|x86.ActiveCfg = Debug|Win32
		{2DB473A8-B3C2-4F70-953F-EEDAB68104B8}.Debug|x86.Build.0 = Debug|Win32
		{2DB473A8-B3C2-4F70-953F-EEDAB68104B8}.Release|x64.ActiveCfg = Release|x64
		{2DB473A8-B3C2-4F70-953F-EEDAB68104B8}.Release|x64.Build.0 = Release|x64
		{2DB473A8-B3C2-4F70-953F-EEDAB68104B8}.Release|x86.ActiveCfg = Release|Win32
		{2DB473A8-B3C2-4F70-953F-EEDAB68104B8}.Release|x86.Build.0 = Release|Win32
		{CCA12BF1-DE65-440F-89CA-932633AD413F}.Debug|x64.ActiveCfg = Debug|x64
		{CCA12BF1-DE65-440F-89CA-932633AD413F}.Debug|x64.Build.0 = Debug|x64
		{CCA12BF1-DE65-440F-89CA-932633AD413F}.Debug|x86.ActiveCfg = Debug|Win32
		{CCA12BF1-DE65-440F-89CA-932633AD413F}.Debug|x86.Build.0 = Debug|Win32
		{CCA12BF1-DE65-440F-89CA-932633AD413F}.Release|x64.ActiveCfg = Release|x64
		{CCA12BF1-DE65-440F-89CA-932633AD413F}.Release|x64.Build.0 = Release|x64
		{CCA12BF1-DE65-440F-89CA-932633AD413F}.Release|x86.ActiveCfg = Release|Win32
		{CCA12BF1-DE65-440F-89CA-932633AD413F}.Release|x86.Build.0 = Release|Win32
		{8FB4C7AC-FEE5-4137-AEB8-60B8726372E0}.Debug|x64.ActiveCfg = Debug|x64
		{8FB4C7AC-FEE5-4137-AEB8-60B8726372E0}.Debug|x64.Build.0 = Debug|x64
		{8FB4C7AC-FEE5-4137-AEB8-60B8726372E0}.Debug|x86.ActiveCfg = Debug|Win32
		{8FB4C7AC-FEE5-4137-AEB8-60B8726372E0}.Debug|x86.Build.0 = Debug|Win32
		{8FB4C7AC-FEE5-4137-AEB8-60B8726372E0}.Release|x64.ActiveCfg = Release|x64
		{8FB4C7AC-FEE5-4137-AEB8-60B8726372E0}.Release|x64.Build.0 = Release|x64
		{8FB4C7AC-FEE5-4137-AEB8-60B8726372E0}.Release|x86.ActiveCfg = Release|Win32
		{8FB4C7AC-FEE5-4137-AEB8-60B8726372E0}.Release|x86.Build.0 = Release|Win32
		{281F2DDC-FACA-40D9-9B03-BB6EDEE6C4B0}.Debug|x64.ActiveCfg = Debug|x64
		{281F2DDC-FACA-40D9-9B03-BB6EDEE6C4B0}.Debug|x64.Build.0 = Debug|x64
		{281F2DDC-FACA-40D9-9B03-BB6EDEE6C4B0}.Debug|x86.ActiveCfg = Debug|Win32
		{281F2DDC-FACA-40D9-9B03-BB6EDEE6C4B0}.Debug|x86.Build.0 = Debug|Win32
		{281F2DDC-FACA-40D9-9B03-BB6EDEE6C4B0}.Release|x64.ActiveCfg = Release|x64
		{281F2DDC-FACA-40D9-9B03-BB6EDEE6C4B0}.Release|x64.Build.0 = Release|x64
		{281F2DDC-FACA-40D9-9B03-BB6EDEE6C4B0}.Release|x86.ActiveCfg = Release|Win32
		{281F2DDC-FACA-40D9-9B03-BB6EDEE6C4B0}.Release|x86.Build.0 = Release|Win32
		{29BD1A49-A716-4255-9B07-1EDD85EB0AD9}.Debug|x64.ActiveCfg = Debug|x64
		{29BD1A49-A716-4255-9B07-1EDD85EB0AD9}.Debug|x64.Build.0 = Debug|x64
		{29BD1A49-A716-4255-9B07-1EDD85EB0AD9}.Debug|x86.ActiveCfg = Debug|Win32
		{29BD1A49-A716-4255-9B07-1EDD85EB0AD9}.Debug|x86.Build.0 = Debug|Win32
		{29BD1A49-A716-4255-9B07-1EDD85EB0AD9}.Release|x64.ActiveCfg = Release|x64
		{29BD1A49-A716-4255-9B07-1EDD85EB0AD9}.Release|x64.Build.0 = Release|x64
		{29BD1A49-A716-4255-9B07-1EDD85EB0AD9}.Release|x86.ActiveCfg = Release|Win32
		{29BD1A49-A716-4255-9B07-1EDD85EB0AD9}.Release|x86.Build.0 = Release|Win32
		{3855F9E2-7434-4369-8672-907402F94069}.Debug|x64.ActiveCfg = Debug|x64
		{3855F9E2-7434-4369-8672-907402F94069}.Debug|x64.Build.0 = Debug|x64
		{3855F9E2-7434-4369-8672-907402F94069}.Debug|x86.ActiveCfg = Debug|Win32
		{3855F9E2-7434-4369-8672-907402F94069}.Debug|x86.Build.0 = Debug|Win32
		{3855F9E2-7434-4369-8672-907402F94069}.Release|x64.ActiveCfg = Release|x64
		{3855F9E2-7434-4369-8672-907402F94069}.Release|x64.Build.0 = Release|x64
		{3855F9E2-7434-4369-8672-907402F94069}.Release|x86.ActiveCfg = Release|Win32
		{3855F9E2-7434-4369-8672-907402F94069}.Release|x86.Build.0 = Release|Win32
		{A4FF92D2-6F02-495E-8EB8-0E7827234DAB}.Debug|x64.ActiveCfg = Debug|x64
		{A4FF92D2-6F02-495E-8EB8-0E7827234DAB}.Debug|x64.Build.0 = Debug|x64
		{A4FF92D2-6F02-495E-8EB8-0E7827234DAB}.Debug|x86.ActiveCfg = Debug|Win32
		{A4FF92D2-6F02-495E-8EB8-0E7827234DAB}.Debug|x86.Build.0 = Debug|Win32
		{A4FF92D2-6F02-495E-8EB8-0E7827234DAB}.Release|x64.ActiveCfg = Release|x64
		{A4FF92D2-6F02-495E-8EB8-0E7827234DAB}.Release|x64.Build.0 = Release|x64
		{A4FF92D2-6F02-495E-8EB8-0E7827234DAB}.Release|x86.ActiveCfg = Release|Win32
		{A4FF92D2-6F02-495E-8EB8-0E7827234DAB}.Release|x86.Build.0 = Release|Win32
		{E09E55FA-A2FC-4725-8A32-9A1C3D600EB2}.Debug|x64.ActiveCfg = Debug|x64
		{E09E55FA-A2FC-4725-8A32-9A1C3D600EB2}.Debug|x64.Build.0 = Debug|x64
		{E09E55FA-A2FC-4725-8A32-9A1C3D600EB2}.Debug|x86.ActiveCfg = Debug|Win32
		{E09E55FA-A2FC-4725-8A32-9A1C3D600EB2}.Debug|x86.Build.0 = Debug|Win32
		{E09E55FA-A2FC-4725-8A32-9A1C3D600EB2}.Release|x64.ActiveCfg = Release|x64
		{E09E55FA-A2FC-4725-8A32-9A1C3D600EB2}.Release|x64.Build.0 = Release|x64
		{E09E55FA-A2FC-4725-8A32-9A1C3D600EB2}.Release|x86.ActiveCfg = Release|Win32
		{E09E55FA-A2FC-4725-8A32-9A1C3D600EB2}.Release|x86.Build.0 = Release|Win32
		{0069DC37-81EA-4A59-A0DD-834B20373591}.Debug|x64.ActiveCfg = Debug|x64
		{0069DC37-81EA-4A59-A0DD-834B20373591}.Debug|x64.Build.0 = Debug|x64
		{0069DC37-81EA-4A59-A0DD-834B20373591}.Debug|x86.ActiveCfg = Debug|Win32
		{0069DC37-81EA-4A59-A0DD-834B20373591}.Debug|x86.Build.0 = Debug|Win32
		{0069DC37-81EA-4A59-A0DD-834B20373591}.Release|x64.ActiveCfg = Release|x64
		{0069DC37-81EA-4A59-A0DD-834B20373591}.Release|x64.Build.0 = Release|x64
		{0069DC37-81EA-4A59-A0DD-834B20373591}.Release|x86.ActiveCfg = Release|Win32
		{0069DC37-81EA-4A59-A0DD-834B20373591}.Release|x86.Build.0 = Release|Win32
		{3F88AA4A-978E-49D6-AAD8-DEBAC9B81306}.Debug|x64.ActiveCfg = Debug|x64
		{3F88AA4A-978E-49D6-AAD8-DEBAC9B81306}.Debug|x64.Build.0 = Debug|x64
		{3F88AA4A-978E-49D6-AAD8-DEBAC9B81306}.Debug|x86.ActiveCfg = Debug|Win32
		{3F88AA4A-978E-49D6-AAD8-DEBAC9B81306}.Debug|x86.Build.0 = Debug|Win32
		{3F88AA4A-978E-49D6-AAD8-DEBAC9B81306}.Release|x64.ActiveCfg = Release|x64
		{3F88AA4A-978E-49D6-AAD8-DEBAC9B81306}.Release|x64.Build.0 = Release|x64
		{3F88AA4A-978E-49D6-AAD8-DEBAC9B81306}.Release|x86.ActiveCfg = Release|Win32
		{3F88AA4A-978E-49D6-AAD8-DEBAC9B81306}.Release|x86.Build.0 = Release|Win32
		{24391F8D-735E-4D99-BFB0-FAB4C8B51AB3}.Debug|x64.ActiveCfg = Debug|x64
		{24391F8D-735E-4D99-BFB0-FAB4C8B51AB3}.Debug|x64.Build.0 = Debug|x64
		{24391F8D-735E-4D99-BFB0-FAB4C8B51AB3}.Debug|x86.ActiveCfg = Debug|Win32
		{24391F8D-735E-4D99-BFB0-FAB4C8B51AB3}.Debug|x86.Build.0 = Debug|Win32
		{24391F8D-735E-4D99-BFB0-FAB4C8B51AB3}.Release|x64.ActiveCfg = Release|x64
		{24391F8D-735E-4D99-BFB0-FAB4C8B51AB3}.Release|x64.Build.0 = Release|x64
		{24391F8D-735E-4D99-BFB0-FAB4C8B51AB3}.Release|x86.ActiveCfg = Release|Win32
		{24391F8D-735E-4D99-BFB0-FAB4C8B51AB3}.Release|x86.Build.0 = Release|Win32
		{B1949700-FAA1-401B-A9A6-9E608FCC8ED2}.Debug|x64.ActiveCfg = Debug|x64
		{B1949700-FAA1-401B-A9A6-9E608FCC8ED2}.Debug|x64.Build.0 = Debug|x64
		{B1949700-FAA1-401B-A9A6-9E608FCC8ED2}.Debug|x86.ActiveCfg = Debug|Win32
		{B1949700-FAA1-401B-A9A6-9E608FCC8ED2}.Debug|x86.Build.0 = Debug|Win32
		{B1949700-FAA1-401B-A9A6-9E608FCC8ED2}.Release|x64.ActiveCfg = Release|x64
		{B1949700-FAA1-401B-A9A6-9E608FCC8ED2}.Release|x64.Build.0 = Release|x64
		{B1949700-FAA1-401B-A9A6-9E608FCC8ED2}.Release|x86.ActiveCfg = Release|Win32
		{B1949700-FAA1-401B-A9A6-9E608FCC8ED2}.Release|x86.Build.0 = Release|Win32
		{F5F675A5-80E8-4B14-A56D-B067AB26BFEF}.Debug|x64.ActiveCfg = Debug|x64
		{F5F675A5-80E8-4B14-A56D-B067AB26BFEF}.Debug|x64.Build.0 = Debug|x64
		{F5F675A5-80E8-4B14-A56D-B067AB26BFEF}.Debug|x86.ActiveCfg = Debug|Win32
		{F5F675A5-80E8-4B14-A56D-B067AB26BFEF}.Debug|x86.Build.0 = Debug|Win32
		{F5F675A5-80E8-4B14-A56D-B067AB26BFEF}.Release|x64.ActiveCfg = Release|x64
		{F5F675A5-80E8-4B14-A56D-B067AB26BFEF}.Release|x64.Build.0 = Release|x64
		{F5F675A5-80E8-4B14-A56D-B067AB26BFEF}.Release|x86.ActiveCfg = Release|Win32
		{F5F675A5-80E8-4B14-A56D-B067AB26BFEF}.Release|x86.Build.0 = Release|Win32
		{20902588-74D7-4D32-80B2-9F12DEF5412E}.Debug|x64.ActiveCfg = Debug|x64
		{20902588-74D7-4D32-80B2-9F12DEF5412E}.Debug|x64.Build.0 = Debug|x64
		{20902588-74D7-4D32-80B2-9F12DEF5412E}.Debug|x86.ActiveCfg = Debug|Win32
		{20902588-74D7-4D32-80B2-9F12DEF5412E}.Debug|x86.Build.0 = Debug|Win32
		{20902588-74D7-4D32-80B2-9F12DEF5412E}.Release|x64.ActiveCfg = Release|x64
		{20902588-74D7-4D32-80B2-9F12DEF5412E}.Release|x64.Build.0 = Release|x64
		{20902588-74D7-4D32-80B2-9F12DEF5412E}.Release|x86.ActiveCfg = Release|Win32
		{20902588-74D7-4D32-80B2-9F12DEF5412E}.Release|x86.Build.0 = Release|Win32
		{F2EAD873-D8ED-4811-ADAD-73B0BAAE0F23}.Debug|x64.ActiveCfg = Debug|x64
		{F2EAD873-D8ED-4811-ADAD-73B0BAAE0F23}.Debug|x64.Build.0 = Debug|x64
		{F2EAD873-D8ED-4811-ADAD-73B0BAAE0F23}.Debug|x86.ActiveCfg = Debug|Win32
		{F2EAD873-D8ED-4811-ADAD-73B0BAAE0F23}.Debug|x86.Build.0 = Debug|Win32
		{F2EAD873-D8ED-4811-ADAD-73B0BAAE0F23}.Release|x64.ActiveCfg = Release|x64
		{F2EAD873-D8ED-4811-ADAD-73B0BAAE0F23}.Release|x64.Build.0 = Release|x64
		{F2EAD873-D8ED-4811-ADAD-73B0BAAE0F23}.Release|x86.ActiveCfg = Release|Win32
		{F2EAD873-D8ED-4811-ADAD-73B0BAAE0F23}.Release|x86.Build.0 = Release|Win32
		{1F8369FA-C043-4107-AC51-3955CD767EC8}.Debug|x64.ActiveCfg = Debug|x64
		{1F8369FA-C043-4107-AC51-3955CD767EC8}.Debug|x64.Build.0 = Debug|x64
		{1F8369FA-C043-4107-AC51-3955CD767EC8}.Debug|x86.ActiveCfg = Debug|Win32
		{1F8369FA-C043-4107-AC51-3955CD767EC8}.Debug|x86.Build.0 = Debug|Win32
		{1F8369FA-C043-4107-AC51-3955CD767EC8}.Release|x64.ActiveCfg = Release|x64
		{1F8369FA-C043-4107-AC51-3955CD767EC8}.Release|x64.Build.0 = Release|x64
		{1F8369FA-C043-4107-AC51-3955CD767EC8}.Release|x86.ActiveCfg = Release|Win32
		{1F8369FA-C043-4107-AC51-3955CD767EC8}.Release|x86.Build.0 = Release|Win32
		{C6E42FC4-6A1B-4971-8D1C-2DED93F530F8}.Debug|x64.ActiveCfg = Debug|x64
		{C6E42FC4-6A1B-4971-8D1C-2DED93F530F8}.Debug|x64.Build.0 = Debug|x64
		{C6E42FC4-6A1B-4971-8D1C-2DED93F530F8}.Debug|x86.ActiveCfg = Debug|Win32
		{C6E42FC4-6A1B-4971-8D1C-2DED93F530F8}.Debug|x86.Build.0 = Debug|Win32
		{C6E42FC4-6A1B-4971-8D1C-2DED93F530F8}.Release|x64.ActiveCfg = Release|x64
		{C6E42FC4-6A1B-4971-8D1C-2DED93F530F8}.Release|x64.Build.0 = Release|x64
		{C6E42FC4-6A1B-4971-8D1C-2DED93F530F8}.Release|x86.ActiveCfg = Release|Win32
		{C6E42FC4-6A1B-4971-8D1C-2DED93F530F8}.Release|x86.Build.0 = Release|Win32
		{857246DA-A319-49BD-A9EF-9311A4F887F6}.Debug|x64.ActiveCfg = Debug|x64
		{857246DA-A319-49BD-A9EF-9311A4F887F6}.Debug|x64.Build.0 = Debug|x64
		{857246DA-A319-49BD-A9EF-9311A4F887F6}.Debug|x86.ActiveCfg = Debug|Win32
		{857246DA-A319-49BD-A9EF-9311A4F887F6}.Debug|x86.Build.0 = Debug|Win32
		{857246DA-A319-49BD-A9EF-9311A4F887F6}.Release|x64.ActiveCfg = Release|x64
		{857246DA-A319-49BD-A9EF-9311A4F887F6}.Release|x64.Build.0 = Release|x64
		{857246DA-A319-49BD-A9EF-9311A4F887F6}.Release|x86.ActiveCfg = Release|Win32
		{857246DA-A319-49BD-A9EF-9311A4F887F6}.Release|x86.Build.0 = Release|Win32
		{DE395A80-7FB1-45E1-80EB-49E019736433}.Debug|x64.ActiveCfg = Debug|x64
		{DE395A80-7FB1-45E1-80EB-49E019736433}.Debug|x64.Build.0 = Debug|x64
		{DE395A80-7FB1-45E1-80EB-49E019736433}.Debug|x86.ActiveCfg = Debug|Win32
		{DE395A80-7FB1-45E1-80EB-49E019736433}.Debug|x86.Build.0 = Debug|Win32
		{DE395A80-7FB1-45E1-80EB-49E019736433}.Release|x64.ActiveCfg = Release|x64
		{DE395A80-7FB1-45E1-80EB-49E019736433}.Release|x64.Build.0 = Release|x64
		{DE395A80-7FB1-45E1-80EB-49E019736433}.Release|x86.ActiveCfg = Release|Win32
		{DE395A80-7FB1-45E1-80EB-49E019736433}.Release|x86.Build.0 = Release|Win32
		{6B7F3376-453D-4C01-9F01-8B306BFC488F}.Debug|x64.ActiveCfg = Debug|x64
		{6B7F3376-453D-4C01-9F01-8B306BFC488F}.Debug|x64.Build.0 = Debug|x64
		{6B7F3376-453D-4C01-9F01-8B306BFC488F}.Debug|x86.ActiveCfg = Debug|Win32
		{6B7F3376-453D-4C01-9F01-8B306BFC488F}.Debug|x86.Build.0 = Debug|Win32
		{6B7F3376-453D-4C01-9F01-8B306BFC488F}.Release|x64.ActiveCfg = Release|x64
		{6B7F3376-453D-4C01-9F01-8B306BFC488F}.Release|x64.Build.0 = Release|x64
		{6B7F3376-453D-4C01-9F01-8B306BFC488F}.Release|x86.ActiveCfg = Release|Win32
		{6B7F3376-453D-4C01-9F01-8B306BFC488F}.Release|x86.Build.0 = Release|Win32
		{696398CE-C983-4B88-8309-B647E5D6827F}.Debug|x64.ActiveCfg = Debug|x64
		{696398CE-C983-4B88-8309-B647E5D6827F}.Debug|x64.Build.0 = Debug|x64
		{696398CE-C983-4B88-8309-B647E5D6827F}.Debug|x86.ActiveCfg = Debug|Win32
		{696398CE-C983-4B88-8309-B647E5D6827F}.Debug|x86.Build.0 = Debug|Win32
		{696398CE-C983-4B88-8309-B647E5D6827F}.Release|x64.ActiveCfg = Release|x64
		{696398CE-C983-4B88-8309-B647E5D6827F}.Release|x64.Build.0 = Release|x64
		{696398CE-C983-4B88-8309-B647E5D6827F}.Release|x86.ActiveCfg = Release|Win32
		{696398CE-C983-4B88-8309-B647E5D6827F}.Release|x86.Build.0 = Release|Win32
		{621CDCDD-FCA6-412F-B4F0-55BCA6EF299D}.Debug|x64.ActiveCfg = Debug|x64
		{621CDCDD-FCA6-412F-B4F0-55BCA6EF299D}.Debug|x64.Build.0 = Debug|x64
		{621CDCDD-FCA6-412F-B4F0-55BCA6EF299D}.Debug|x86.ActiveCfg = Debug|Win32
		{621CDCDD-FCA6-412F-B4F0-55BCA6EF299D}.Debug|x86.Build.0 = Debug|Win32
		{621CDCDD-FCA6-412F-B4F0-55BCA6EF299D}.Release|x64.ActiveCfg = Release|x64
		{621CDCDD-FCA6-412F-B4F0-55BCA6EF299D}.Release|x64.Build.0 = Release|x64
		{621CDCDD-FCA6-412F-B4F0-55BCA6EF299D}.Release|x86.ActiveCfg = Release|Win32
		{621CDCDD-FCA6-412F-B4F0-55BCA6EF299D}.Release|x86.Build.0 = Release|Win32
		{8F15BB93-994D-4C87-9265-D5D06EAA16FD}.Debug|x64.ActiveCfg = Debug|x64
		{8F15BB93-994D-4C87-9265-D5D06EAA16FD}.Debug|x64.Build.0 = Debug|x64
		{8F15BB93-994D-4C87-9265-D5D06EAA16FD}.Debug|x86.ActiveCfg = Debug|Win32
		{8F15BB93-994D-4C87-9265-D5D06EAA16FD}.Debug|x86.Build.0 = Debug|Win32
		{8F15BB93-994D-4C87-9265-D5D06EAA16FD}.Release|x64.ActiveCfg = Release|x64
		{8F15BB93-994D-4C87-9265-D5D06EAA16FD}.Release|x64.Build.0 = Release|x64
		{8F15BB93-994D-4C87-9265-D5D06EAA16FD}.Release|x86.ActiveCfg = Release|Win32
		{8F15BB93-994D-4C87-9265-D5D06EAA16FD}.Release|x86.Build.0 = Release|Win32
		{09522AF9-EDA8-4BD2-8C31-D16A4A05F5B8}.Debug|x64.ActiveCfg = Debug|x64
		{09522AF9-EDA8-4BD2-8C31-D16A4A05F5B8}.Debug|x64.Build.0 = Debug|x64
		{09522AF9-EDA8-4BD2-8C31-D16A4A05F5B8}.Debug|x86.ActiveCfg = Debug|Win32
		{09522AF9-EDA8-4BD2-8C31-D16A4A05F5B8}.Debug|x86.Build.0 = Debug|Win32
		{09522AF9-EDA8-4BD2-8C31-D16A4A05F5B8}.Release|x64.ActiveCfg = Release|x64
		{09522AF9-EDA8-4BD2-8C31-D16A4A05F5B8}.Release|x64.Build.0 = Release|x64
		{09522AF9-EDA8-4BD2-8C31-D16A4A05F5B8}.Release|x86.ActiveCfg = Release|Win32
		{09522AF9-EDA8-4BD2-8C31-D16A4A05F5B8}.Release|x86.Build.0 = Release|Win32
		{211464A3-B2F6-4244-9D52-4F7E2D3C23FE}.Debug|x64.ActiveCfg = Debug|x64
		{211464A3-B2F6-4244-9D52-4F7E2D3C23FE}.Debug|x64.Build.0 = Debug|x64
		{211464A3-B2F6-4244-9D52-4F7E2D3C23FE}.Debug|x86.ActiveCfg = Debug|Win32
		{211464A3-B2F6-4244-9D52-4F7E2D3C23FE}.Debug|x86.Build.0 = Debug|Win32
		{211464A3-B2F6-4244-9D52-4F7E2D3C23FE}.Release|x64.ActiveCfg = Release|x64
		{211464A3-B2F6-4244-9D52-4F7E2D3C23FE}.Release|x64.Build.0 = Release|x64
		{211464A3-B2F6-4244-9D52-4F7E2D3C23FE}.Release|x86.ActiveCfg = Release|Win32
		{211464A3-B2F6-4244-9D52-4F7E2D3C23FE}.Release|x86.Build.0 = Release|Win32
		{1757D969-1D92-43CE-AAE2-29181B4062B7}.Debug|x64.ActiveCfg = Debug|x64
		{1757D969-1D92-43CE-AAE2-29181B4062B7}.Debug|x64.Build.0 = Debug|x64
		{1757D969-1D92-43CE-AAE2-29181B4062B7}.Debug|x86.ActiveCfg = Debug|Win32
		{1757D969-1D92-43CE-AAE2-29181B4062B7}.Debug|x86.Build.0 = Debug|Win32
		{1757D969-1D92-43CE-AAE2-29181B4062B7}.Release|x64.ActiveCfg = Release|x64
		{1757D969-1D92-43CE-AAE2-29181B4062B7}.Release|x64.Build.0 = Release|x64
		{1757D969-1D92-43CE-AAE2-29181B4062B7}.Release|x86.ActiveCfg = Release|Win32
		{1757D969-1D92-43CE-AAE2-29181B4062B7}.Release|x86.Build.0 = Release|Win32
		{B4223A75-14BC-4C59-A4CB-9E9486EC49A1}.Debug|x64.ActiveCfg = Debug|x64
		{B4223A75-14BC-4C59-A4CB-9E9486EC49A1}.Debug|x64.Build.0 = Debug|x64
		{B4223A75-14BC-4C59-A4CB-9E9486EC49A1}.Debug|x86.ActiveCfg = Debug|Win32
		{B4223A75-14BC-4C59-A4CB-9E9486EC49A1}.Debug|x86.Build.0 = Debug|Win32
		{B4223A75-14BC-4C59-A4CB-9E9486EC49A1}.Release|x64.ActiveCfg = Release|x64
		{B4223A75-14BC-4C59-A4CB-9E9486EC49A1}.Release|x64.Build.0 = Release|x64
		{B4223A75-14BC-4C59-A4CB-9E9486EC49A1}.Release|x86.ActiveCfg = Release|Win32
		{B4223A75-14BC-4C59-A4CB-9E9486EC49A1}.Release|x86.Build.0 = Release|Win32
		{839D0339-F519-4128-835D-BAF938113A97}.Debug|x64.ActiveCfg = Debug|x64
		{839D0339-F519-4128-835D-BAF938113A97}.Debug|x64.Build.0 = Debug|x64
		{839D0339-F519-4128-835D-BAF938113A97}.Debug|x86.ActiveCfg = Debug|Win32
		{839D0339-F519-4128-835D-BAF938113A97}.Debug|x86.Build.0 = Debug|Win32
		{839D0339-F519-4128-835D-BAF938113A97}.Release|x64.ActiveCfg = Release|x64
		{839D0339-F519-4128-835D-BAF938113A97}.Release|x64.Build.0 = Release|x64
		{839D0339-F519-4128-835D-BAF938113A97}.Release|x86.ActiveCfg = Release|Win32
		{839D0339-F519-4128-835D-BAF938113A97}.Release|x86.Build.0 = Release|Win32
		{E9B454C2-6B2C-4AFC-B690-B38C3C62B6A0}.Debug|x64.ActiveCfg = Debug|x64
		{E9B454C2-6B2C-4AFC-B690-B38C3C62B6A0}.Debug|x64.Build.0 = Debug|x64
		{E9B454C2-6B2C-4AFC-B690-B38C3C62B6A0}.Debug|x86.ActiveCfg = Debug|Win32
		{E9B454C2-6B2C-4AFC-B690-B38C3C62B6A0}.Debug|x86.Build.0 = Debug|Win32
		{E9B454C2-6B2C-4AFC-B690-B38C3C62B6A0}.Release|x64.ActiveCfg = Release|x64
		{E9B454C2-6B2C-4AFC-B690-B38C3C62B6A0}.Release|x64.Build.0 = Release|x64
		{E9B454C2-6B2C-4AFC-B690-B38C3C62B6A0}.Release|x86.ActiveCfg = Release|Win32
		{E9B454C2-6B2C-4AFC-B690-B38C3C62B6A0}.Release|x86.Build.0 = Release|Win32
		{12839C92-7D55-4DE2-9887-BCDBE58AB01B}.Debug|x64.ActiveCfg = Debug|x64
		{12839C92-7D55-4DE2-9887-BCDBE58AB01B}.Debug|x64.Build.0 = Debug|x64
		{12839C92-7D55-4DE2-9887-BCDBE58AB01B}.Debug|x86.ActiveCfg = Debug|Win32
		{12839C92-7D55-4DE2-9887-BCDBE58AB01B}.Debug|x86.Build.0 = Debug|Win32
		{12839C92-7D55-4DE2-9887-BCDBE58AB01B}.Release|x64.ActiveCfg = Release|x64
		{12839C92-7D55-4DE2-9887-BCDBE58AB01B}.Release|x64.Build.0 = Release|x64
		{12839C92-7D55-4DE2-9887-BCDBE58AB01B}.Release|x86.ActiveCfg = Release|Win32
		{12839C92-7D55-4DE2-9887-BCDBE58AB01B}.Release|x86.Build.0 = Release|Win32
		{3966A653-62E6-434B-A936-CF07F2C6CA61}.Debug|x64.ActiveCfg = Debug|x64
		{3966A653-62E6-434B-A936-CF07F2C6CA61}.Debug|x64.Build.0 = Debug|x64
		{3966A653-62E6-434B-A936-CF07F2C6CA61}.Debug|x86.ActiveCfg = Debug|Win32
		{3966A653-62E6-434B-A936-CF07F2C6CA61}.Debug|x86.Build.0 = Debug|Win32
		{3966A653-62E6-434B-A936-CF07F2C6CA61}.Release|x64.ActiveCfg = Release|x64
		{3966A653-62E6-434B-A936-CF07F2C6CA61}.Release|x64.Build.0 = Release|x64
		{3966A653-62E6-434B-A936-CF07F2C6CA61}.Release|x86.ActiveCfg = Release|Win32
		{3966A653-62E6-434B-A936-CF07F2C6CA61}.Release|x86.Build.0 = Release|Win32
		{1581D8F1-25D2-4A53-8846-0B4A659F7B81}.Debug|x64.ActiveCfg = Debug|x64
		{1581D8F1-25D2-4A53-8846-0B4A659F7B81}.Debug|x64.Build.0 = Debug|x64
		{1581D8F1-25D2-4A53-8846-0B4A659F7B81}.Debug|x86.ActiveCfg = Debug|Win32
		{1581D8F1-25D2-4A53-8846-0B4A659F7B81}.Debug|x86.Build.0 = Debug|Win32
		{1581D8F1-25D2-4A53-8846-0B4A659F7B81}.Release|x64.ActiveCfg = Release|x64
		{1581D8F1-25D2-4A53-8846-0B4A659F7B81}.Release|x64.Build.0 = Release|x64
		{1581D8F1-25D2-4A53-8846-0B4A659F7B81}.Release|x86.ActiveCfg = Release|Win32
		{1581D8F1-25D2-4A53-8846-0B4A659F7B81}.Release|x86.Build.0 = Release|Win32
		{9C77DE91-BF52-4887-BFB2-61B5E3AE7D68}.Debug|x64.ActiveCfg = Debug|x64
		{9C77DE91-BF52-4887-BFB2-61B5E3AE7D68}.Debug|x64.Build.0 = Debug|x64
		{9C77DE91-BF52-4887-BFB2-61B5E3AE7D68}.Debug|x86.ActiveCfg = Debug|Win32
		{9C77DE91-BF52-4887-BFB2-61B5E3AE7D68}.Debug|x86.Build.0 = Debug|Win32
		{9C77DE91-BF52-4887-BFB2-61B5E3AE7D68}.Release|x64.ActiveCfg = Release|x64
		{9C77DE91-BF52-4887-BFB2-61B5E3AE7D68}.Release|x64.Build.0 = Release|x64
		{9C77DE91-BF52-4887-BFB2-61B5E3AE7D68}.Release|x86.ActiveCfg = Release|Win32
		{9C77DE91-BF52-4887-BFB2-61B5E3AE7D68}.Release|x86.Build.0 = Release|Win32
		{ABD266DF-FD2A-456D-9063-79AF9CB12BD5}.Debug|x64.ActiveCfg = Debug|x64
		{ABD266DF-FD2A-456D-9063-79AF9CB12BD5}.Debug|x64.Build.0 = Debug|x64
		{ABD266DF-FD2A-456D-9063-79AF9CB12BD5}.Debug|x86.ActiveCfg = Debug|Win32
		{ABD266DF-FD2A-456D-9063-79AF9CB12BD5}.Debug|x86.Build.0 = Debug|Win32
		{ABD266DF-FD2A-456D-9063-79AF9CB12BD5}.Release|x64.ActiveCfg = Release|x64
		{ABD266DF-FD2A-456D-9063-79AF9CB12BD5}.Release|x64.Build.0 = Release|x64
		{ABD266DF-FD2A-456D-9063-79AF9CB12BD5}.Release|x86.ActiveCfg = Release|Win32
		{ABD266DF-FD2A-456D-9063-79AF9CB12BD5}.Release|x86.Build.0 = Release|Win32
		{FDF111BA-CD8C-418A-B3AB-A6EADA5ED6B8}.Debug|x64.ActiveCfg = Debug|x64
		{FDF111BA-CD8C-418A-B3AB-A6EADA5ED6B8}.Debug|x64.Build.0 = Debug|x64
		{FDF111BA-CD8C-418A-B3AB-A6EADA5ED6B8}.Debug|x86.ActiveCfg = Debug|Win32
		{FDF111BA-CD8C-418A-B3AB-A6EADA5ED6B8}.Debug|x86.Build.0 = Debug|Win32
		{FDF111BA-CD8C-418A-B3AB-A6EADA5ED6B8}.Release|x64.ActiveCfg = Release|x64
		{FDF111BA-CD8C-418A-B3AB-A6EADA5ED6B8}.Release|x64.Build.0 = Release|x64
		{FDF111BA-CD8C-418A-B3AB-A6EADA5ED6B8}.Release|x86.ActiveCfg = Release|Win32
		{FDF111BA-CD8C-418A-B3AB-A6EADA5ED6B8}.Release|x86.Build.0 = Release|Win32
		{62CF5D5D-A8C9-4873-967F-452DC51F49D6}.Debug|x64.ActiveCfg = Debug|x64
		{62CF5D5D-A8C9-4873-967F-452DC51F49D6}.Debug|x64.Build.0 = Debug|x64
		{62CF5D5D-A8C9-4873-967F-452DC51F49D6}.Debug|x86.ActiveCfg = Debug|Win32
		{62CF5D5D-A8C9-4873-967F-452DC51F49D6}.Debug|x86.Build.0 = Debug|Win32
		{62CF5D5D-A8C9-4873-967F-452DC51F49D6}.Release|x64.ActiveCfg = Release|x64
		{62CF5D5D-A8C9-4873-967F-452DC51F49D6}.Release|x64.Build.0 = Release|x64
		{62CF5D5D-A8C9-4873-967F-452DC51F49D6}.Release|x86.ActiveCfg = Release|Win32
		{62CF5D5D-A8C9-4873-967F-452DC51F49D6}.Release|x86.Build.0 = Release|Win32
		{0C55519A-156D-4F02-9F0E-254E6953E0F2}.Debug|x64.ActiveCfg = Debug|x64
		{0C55519A-156D-4F02-9F0E-254E6953E0F2}.Debug|x64.Build.0 = Debug|x64
		{0C55519A-156D-4F02-9F0E-254E6953E0F2}.Debug|x86.ActiveCfg = Debug|Win32
		{0C55519A-156D-4F02-9F0E-254E6953E0F2}.Debug|x86.Build.0 = Debug|Win32
		{0C55519A-156D-4F02-9F0E-254E6953E0F2}.Release|x64.ActiveCfg = Release|x64
		{0C55519A-156D-4F02-9F0E-254E6953E0F2}.Release|x64.Build.0 = Release|x64
		{0C55519A-156D-4F02-9F0E-254E6953E0F2}.Release|x86.ActiveCfg = Release|Win32
		{0C55519A-156D-4F02-9F0E-254E6953E0F2}.Release|x86.Build.0 = Release|Win32
		{C8AB0FFB-BEB5-447F-8BDF-F5D56833B869}.Debug|x64.ActiveCfg = Debug|x64
		{C8AB0FFB-BEB5-447F-8BDF-F5D56833B869}.Debug|x64.Build.0 = Debug|x64
		{C8AB0FFB-BEB5-447F-8BDF-F5D56833B869}.Debug|x86.ActiveCfg = Debug|Win32
		{C8AB0FFB-BEB5-447F-8BDF-F5D56833B869}.Debug|x86.Build.0 = Debug|Win32
		{C8AB0FFB-BEB5-447F-8BDF-F5D56833B869}.Release|x64.ActiveCfg = Release|x64
		{C8AB0FFB-BEB5-447F-8BDF-F5D56833B869}.Release|x64.Build.0 = Release|x64
		{C8AB0FFB-BEB5-447F-8BDF-F5D56833B869}.Release|x86.ActiveCfg = Release|Win32
		{C8AB0FFB-BEB5-447F-8BDF-F5D56833B869}.Release|x86.Build.0 = Release|Win32
		{5D544E75-B2E4-49B6-A860-5B71DC3D1038}.Debug|x64.ActiveCfg = Debug|x64
		{5D544E75-B2E4-49B6-A860-5B71DC3D1038}.Debug|x64.Build.0 = Debug|x64
		{5D544E75-B2E4-49B6-A860-5B71DC3D1038}.Debug|x86.ActiveCfg = Debug|Win32
		{5D544E75-B2E4-49B6-A860-5B71DC3D1038}.Debug|x86.Build.0 = Debug|Win32
		{5D544E75-B2E4-49B6-A860-5B71DC3D1038}.Release|x64.ActiveCfg = Release|x64
		{5D544E75-B2E4-49B6-A860-5B71DC3D1038}.Release|x64.Build.0 = Release|x64
		{5D544E75-B2E4-49B6-A860-5B71DC3D1038}.Release|x86.ActiveCfg = Release|Win32
		{5D544E75-B2E4-49B6-A860-5B71DC3D1038}.Release|x86.Build.0 = Release|Win32
		{97B66439-FCF0-42B0-9A4D-50F6C99E61BD}.Debug|x64.ActiveCfg = Debug|x64
		{97B66439-FCF0-42B0-9A4D-50F6C99E61BD}.Debug|x64.Build.0 = Debug|x64
		{97B66439-FCF0-42B0-9A4D-50F6C99E61BD}.Debug|x86.ActiveCfg = Debug|Win32
		{97B66439-FCF0-42B0-9A4D-50F6C99E61BD}.Debug|x86.Build.0 = Debug|Win32
		{97B66439-FCF0-42B0-9A4D-50F6C99E61BD}.Release|x64.ActiveCfg = Release|x64
		{97B66439-FCF0-42B0-9A4D-50F6C99E61BD}.Release|x64.Build.0 = Release|x64
		{97B66439-FCF0-42B0-9A4D-50F6C99E61BD}.Release|x86.ActiveCfg = Release|Win32
		{97B66439-FCF0-42B0-9A4D-50F6C99E61BD}.Release|x86.Build.0 = Release|Win32
		{BC3352E4-3965-4B3D-B0E0-D98428FCD29D}.Debug|x64.ActiveCfg = Debug|x64
		{BC3352E4-3965-4B3D-B0E0-D98428FCD29D}.Debug|x64.Build.0 = Debug|x64
		{BC3352E4-3965-4B3D-B0E0-D98428FCD29D}.Debug|x86.ActiveCfg = Debug|Win32
		{BC3352E4-3965-4B3D-B0E0-D98428FCD29D}.Debug|x86.Build.0 = Debug|Win32
		{BC3352E4-3965-4B3D-B0E0-D98428FCD29D}.Release|x64.ActiveCfg = Release|x64
		{BC3352E4-3965-4B3D-B0E0-D98428FCD29D}.Release|x64.Build.0 = Release|x64
		{BC3352E4-3965-4B3D-B0E0-D98428FCD29D}.Release|x86.ActiveCfg = Release|Win32
		{BC3352E4-3965-4B3D-B0E0-D98428FCD29D}.Release|x86.Build.0 = Release|Win32
		{1AA947E1-413A-4794-9E5D-1B347CAA583F}.Debug|x64.ActiveCfg = Debug|x64
		{1AA947E1-413A-4794-9E5D-1B347CAA583F}.Debug|x64.Build.0 = Debug|x64
		{1AA947E1-413A-4794-9E5D-1B347CAA583F}.Debug|x86.ActiveCfg = Debug|Win32
		{1AA947E1-413A-4794-9E5D-1B347CAA583F}.Debug|x86.Build.0 = Debug|Win32
		{1AA947E1-413A-4794-9E5D-1B347CAA583F}.Release|x64.ActiveCfg = Release|x64
		{1AA947E1-413A-4794-9E5D-1B347CAA583F}.Release|x64.Build.0 = Release|x64
		{1AA947E1-413A-4794-9E5D-1B347CAA583F}.Release|x86.ActiveCfg = Release|Win32
		{1AA947E1-413A-4794-9E5D-1B347CAA583F}.Release|x86.Build.0 = Release|Win32
		{2A53155D-3974-4041-8C25-0F8F76BFA193}.Debug|x64.ActiveCfg = Debug|x64
		{2A53155D-3974-4041-8C25-0F8F76BFA193}.Debug|x64.Build.0 = Debug|x64
		{2A53155D-3974-4041-8C25-0F8F76BFA193}.Debug|x86.ActiveCfg = Debug|Win32
		{2A53155D-3974-4041-8C25-0F8F76BFA193}.Debug|x86.Build.0 = Debug|Win32
		{2A53155D-3974-4041-8C25-0F8F76BFA193}.Release|x64.ActiveCfg = Release|x64
		{2A53155D-3974-4041-8C25-0F8F76BFA193}.Release|x64.Build.0 = Release|x64
		{2A53155D-3974-4041-8C25-0F8F76BFA193}.Release|x86.ActiveCfg = Release|Win32
		{2A53155D-3974-4041-8C25-0F8F76BFA193}.Release|x86.Build.0 = Release|Win32
		{CC88E8A4-FCF3-4F94-B3C8-7F6266A8F4A6}.Debug|x64.ActiveCfg = Debug|x64
		{CC88E8A4-FCF3-4F94-B3C8-7F6266A8F4A6}.Debug|x64.Build.0 = Debug|x64
		{CC88E8A4-FCF3-4F94-B3C8-7F6266A8F4A6}.Debug|x86.ActiveCfg = Debug|Win32
		{CC88E8A4-FCF3-4F94-B3C8-7F6266A8F4A6}.Debug|x86.Build.0 = Debug|Win32
		{CC88E8A4-FCF3-4F94-B3C8-7F6266A8F4A6}.Release|x64.ActiveCfg = Release|x64
		{CC88E8A4-FCF3-4F94-B3C8-7F6266A8F4A6}.Release|x64.Build.0 = Release|x64
		{CC88E8A4-FCF3-4F94-B3C8-7F6266A8F4A6}.Release|x86.ActiveCfg = Release|Win32
		{CC88E8A4-FCF3-4F94-B3C8-7F6266A8F4A6}.Release|x86.Build.0 = Release|Win32
		{39580467-A30D-466A-BAEB-1AC582FDE45A}.Debug|x64.ActiveCfg = Debug|x64
		{39580467-A30D-466A-BAEB-1AC582FDE45A}.Debug|x64.Build.0 = Debug|x64
		{39580467-A30D-466A-BAEB-1AC582FDE45A}.Debug|x86.ActiveCfg = Debug|Win32
		{39580467-A30D-466A-BAEB-1AC582FDE45A}.Debug|x86.Build.0 = Debug|Win32
		{39580467-A30D-466A-BAEB-1AC582FDE45A}.Release|x64.ActiveCfg = Release|x64
		{39580467-A30D-466A-BAEB-1AC582FDE45A}.Release|x64.Build.0 = Release|x64
		{39580467-A30D-466A-BAEB-1AC582FDE45A}.Release|x86.ActiveCfg = Release|Win32
		{39580467-A30D-466A-BAEB-1AC582FDE45A}.Release|x86.Build.0 = Release|Win32
		{3B5B0DB6-422B-4535-A7E0-BA69B5501AF0}.Debug|x64.ActiveCfg = Debug|x64
		{3B5B0DB6-422B-4535-A7E0-BA69B5501AF0}.Debug|x64.Build.0 = Debug|x64
		{3B5B0DB6-422B-4535-A7E0-BA69B5501AF0}.Debug|x86.ActiveCfg = Debug|Win32
		{3B5B0DB6-422B-4535-A7E0-BA69B5501AF0}.Debug|x86.Build.0 = Debug|Win32
		{3B5B0DB6-422B-4535-A7E0-BA69B5501AF0}.Release|x64.ActiveCfg = Release|x64
		{3B5B0DB6-422B-4535-A7E0-BA69B5501AF0}.Release|x64.Build.0 = Release|x64
		{3B5B0DB6-422B-4535-A7E0-BA69B5501AF0}.Release|x86.ActiveCfg = Release|Win32
		{3B5B0DB6-422B-4535-A7E0-BA69B5501AF0}.Release|x86.Build.0 = Release|Win32
		{39D66F0A-BB5B-4541-BD83-0D825E3E86CA}.Debug|x64.ActiveCfg = Debug|x64
		{39D66F0A-BB5B-4541-BD83-0D825E3E86CA}.Debug|x64.Build.0 = Debug|x64
		{39D66F0A-BB5B-4541-BD83-0D825E3E86CA}.Debug|x86.ActiveCfg = Debug|Win32
		{39D66F0A-BB5B-4541-BD83-0D825E3E86CA}.Debug|x86.Build.0 = Debug|Win32
		{39D66F0A-BB5B-4541-BD83-0D825E3E86CA}.Release|x64.ActiveCfg = Release|x64
		{39D66F0A-BB5B-4541-BD83-0D825E3E86CA}.Release|x64.Build.0 = Release|x64
		{39D66F0A-BB5B-4541-BD83-0D825E3E86CA}.Release|x86.ActiveCfg = Release|Win32
		{39D66F0A-BB5B-4541-BD83-0D825E3E86CA}.Release|x86.Build.0 = Release|Win32
		{9BA03EFE-D162-47BB-8C3E-EF2EE5468895}.Debug|x64.ActiveCfg = Debug|x64
		{9BA03EFE-D162-47BB-8C3E-EF2EE5468895}.Debug|x64.Build.0 = Debug|x64
		{9BA03EFE-D162-47BB-8C3E-EF2EE5468895}.Debug|x86.ActiveCfg = Debug|Win32
		{9BA03EFE-D162-47BB-8C3E-EF2EE5468895}.Debug|x86.Build.0 = Debug|Win32
		{9BA03EFE-D162-47BB-8C3E-EF2EE5468895}.Release|x64.ActiveCfg = Release|x64
		{9BA03EFE-D162-47BB-8C3E-EF2EE5468895}.Release|x64.Build.0 = Release|x64
		{9BA03EFE-D162-47BB-8C3E-EF2EE5468895}.Release|x86.ActiveCfg = Release|Win32
		{9BA03EFE-D162-47BB-8C3E-EF2EE5468895}.Release|x86.Build.0 = Release|Win32
		{D8502B52-3B02-4918-B99E-A50CDEFC1CA0}.Debug|x64.ActiveCfg = Debug|x64
		{D8502B52-3B02-4918-B99E-A50CDEFC1CA0}.Debug|x64.Build.0 = Debug|x64
		{D8502B52-3B02-4918-B99E-A50CDEFC1CA0}.Debug|x86.ActiveCfg = Debug|Win32
		{D8502B52-3B02-4918-B99E-A50CDEFC1CA0}.Debug|x86.Build.0 = Debug|Win32
		{D8502B52-3B02-4918-B99E-A50CDEFC1CA0}.Release|x64.ActiveCfg = Release|x64
		{D8502B52-3B02-4918-B99E-A50CDEFC1CA0}.Release|x64.Build.0 = Release|x64
		{D8502B52-3B02-4918-B99E-A50CDEFC1CA0}.Release|x86.ActiveCfg = Release|Win32
		{D8502B52-3B02-4918-B99E-A50CDEFC1CA0}.Release|x86.Build.0 = Release|Win32
		{CFDB0768-4E6E-4083-BF08-D9127DEC08AA}.Debug|x64.ActiveCfg = Debug|x64
		{CFDB0768-4E6E-4083-BF08-D9127DEC08AA}.Debug|x64.Build.0 = Debug|x64
		{CFDB0768-4E6E-4083-BF08-D9127DEC08AA}.Debug|x86.ActiveCfg = Debug|Win32
		{CFDB0768-4E6E-4083-BF08-D9127DEC08AA}.Debug|x86.Build.0 = Debug|Win32
		{CFDB0768-4E6E-4083-BF08-D9127DEC08AA}.Release|x64.ActiveCfg = Release|x64
		{CFDB0768-4E6E-4083-BF08-D9127DEC08AA}.Release|x64.Build.0 = Release|x64
		{CFDB0768-4E6E-4083-BF08-D9127DEC08AA}.Release|x86.ActiveCfg = Release|Win32
		{CFDB0768-4E6E-4083-BF08-D9127DEC08AA}.Release|x86.Build.0 = Release|Win32
		{856F634E-48F6-4A12-8590-04FC50F10B66}.Debug|x64.ActiveCfg = Debug|x64
		{856F634E-48F6-4A12-8590-04FC50F10B66}.Debug|x64.Build.0 = Debug|x64
		{856F634E-48F6-4A12-8590-04FC50F10B66}.Debug|x86.ActiveCfg = Debug|Win32
		{856F634E-48F6-4A12-8590-04FC50F10B66}.Debug|x86.Build.0 = Debug|Win32
		{856F634E-48F6-4A12-8590-04FC50F10B66}.Release|x64.ActiveCfg = Release|x64
		{856F634E-48F6-4A12-8590-04FC50F10B66}.Release|x64.Build.0 = Release|x64
		{856F634E-48F6-4A12-8590-04FC50F10B66}.Release|x86.ActiveCfg = Release|Win32
		{856F634E-48F6-4A12-8590-04FC50F10B66}.Release|x86.Build.0 = Release|Win32
		{2A282BE8-8B2E-4CF1-8CE9-9DEB18A53AF3}.Debug|x64.ActiveCfg = Debug|x64
		{2A282BE8-8B2E-4CF1-8CE9-9DEB18A53AF3}.Debug|x64.Build.0 = Debug|x64
		{2A282BE8-8B2E-4CF1-8CE9-9DEB18A53AF3}.Debug|x86.ActiveCfg = Debug|Win32
		{2A282BE8-8B2E-4CF1-8CE9-9DEB18A53AF3}.Debug|x86.Build.0 = Debug|Win32
		{2A282BE8-8B2E-4CF1-8CE9-9DEB18A53AF3}.Release|x64.ActiveCfg = Release|x64
		{2A282BE8-8B2E-4CF1-8CE9-9DEB18A53AF3}.Release|x64.Build.0 = Release|x64
		{2A282BE8-8B2E-4CF1-8CE9-9DEB18A53AF3}.Release|x86.ActiveCfg = Release|Win32
		{2A282BE8-8B2E-4CF1-8CE9-9DEB18A53AF3}.Release|x86.Build.0 = Release|Win32
		{761FBBBC-F412-4C19-88AB-3939053F3A65}.Debug|x64.ActiveCfg = Debug|x64
		{761FBBBC-F412-4C19-88AB-3939053F3A65}.Debug|x64.Build.0 = Debug|x64
		{761FBBBC-F412-4C19-88AB-3939053F3A65}.Debug|x86.ActiveCfg = Debug|Win32
		{761FBBBC-F412-4C19-88AB-3939053F3A65}.Debug|x86.Build.0 = Debug|Win32
		{761FBBBC-F412-4C19-88AB-3939053F3A65}.Release|x64.ActiveCfg = Release|x64
		{761FBBBC-F412-4C19-88AB-3939053F3A65}.Release|x64.Build.0 = Release|x64
		{761FBBBC-F412-4C19-88AB-3939053F3A65}.Release|x86.ActiveCfg = Release|Win32
		{761FBBBC-F412-4C19-88AB-3939053F3A65}.Release|x86.Build.0 = Release|Win32
		{98315994-03CE-4AE4-A2AB-246C53531164}.Debug|x64.ActiveCfg = Debug|x64
		{98315994-03CE-4AE4-A2AB-246C53531164}.Debug|x64.Build.0 = Debug|x64
		{98315994-03CE-4AE4-A2AB-246C53531164}.Debug|x86.ActiveCfg = Debug|Win32
		{98315994-03CE-4AE4-A2AB-246C53531164}.Debug|x86.Build.0 = Debug|Win32
		{98315994-03CE-4AE4-A2AB-246C53531164}.Release|x64.ActiveCfg = Release|x64
		{98315994-03CE-4AE4-A2AB-246C53531164}.Release|x64.Build.0 = Release|x64
		{98315994-03CE-4AE4-A2AB-246C53531164}.Release|x86.ActiveCfg = Release|Win32
		{98315994-03CE-4AE4-A2AB-246C53531164}.Release|x86.Build.0 = Release|Win32
		{B7C30DDE-08B9-450E-8B5B-FC3FC6A0EEFC}.Debug|x64.ActiveCfg = Debug|x64
		{B7C30DDE-08B9-450E-8B5B-FC3FC6A0EEFC}.Debug|x64.Build.0 = Debug|x64
		{B7C30DDE-08B9-450E-8B5B-FC3FC6A0EEFC}.Debug|x86.ActiveCfg = Debug|Win32
		{B7C30DDE-08B9-450E-8B5B-FC3FC6A0EEFC}.Debug|x86.Build.0 = Debug|Win32
		{B7C30DDE-08B9-450E-8B5B-FC3FC6A0EEFC}.Release|x64.ActiveCfg = Release|x64
		{B7C30DDE-08B9-450E-8B5B-FC3FC6A0EEFC}.Release|x64.Build.0 = Release|x64
		{B7C30DDE-08B9-450E-8B5B-FC3FC6A0EEFC}.Release|x86.ActiveCfg = Release|Win32
		{B7C30DDE-08B9-450E-8B5B-FC3FC6A0EEFC}.Release|x86.Build.0 = Release|Win32
		{0F3D539E-9CFF-4728-82DC-FCB21151527B}.Debug|x64.ActiveCfg = Debug|x64
		{0F3D539E-9CFF-4728-82DC-FCB21151527B}.Debug|x64.Build.0 = Debug|x64
		{0F3D539E-9CFF-4728-82DC-FCB21151527B}.Debug|x86.ActiveCfg = Debug|Win32
		{0F3D539E-9CFF-4728-82DC-FCB21151527B}.Debug|x86.Build.0 = Debug|Win32
		{0F3D539E-9CFF-4728-82DC-FCB21151527B}.Release|x64.ActiveCfg = Release|x64
		{0F3D539E-9CFF-4728-82DC-FCB21151527B}.Release|x64.Build.0 = Release|x64
		{0F3D539E-9CFF-4728-82DC-FCB21151527B}.Release|x86.ActiveCfg = Release|Win32
		{0F3D539E-9CFF-4728-82DC-FCB21151527B}.Release|x86.Build.0 = Release|Win32
		{A77040D1-1E1F-4F54-8604-2B0DA16C668E}.Debug|x64.ActiveCfg = Debug|x64
		{A77040D1-1E1F-4F54-8604-2B0DA16C668E}.Debug|x64.Build.0 = Debug|x64
		{A77040D1-1E1F-4F54-8604-2B0DA16C668E}.Debug|x86.ActiveCfg = Debug|Win32
		{A77040D1-1E1F-4F54-8604-2B0DA16C668E}.Debug|x86.Build.0 = Debug|Win32
		{A77040D1-1E1F-4F54-8604-2B0DA16C668E}.Release|x64.ActiveCfg = Release|x64
		{A77040D1-1E1F-4F54-8604-2B0DA16C668E}.Release|x64.Build.0 = Release|x64
		{A77040D1-1E1F-4F54-8604-2B0DA16C668E}.Release|x86.ActiveCfg = Release|Win32
		{A77040D1-1E1F-4F54-8604-2B0DA16C668E}.Release|x86.Build.0 = Release|Win32
		{6560A5FF-5167-4D5F-BDD0-9D3A5740212F}.Debug|x64.ActiveCfg = Debug|x64
		{6560A5FF-5167-4D5F-BDD0-9D3A5740212F}.Debug|x64.Build.0 = Debug|x64
		{6560A5FF-5167-4D5F-BDD0-9D3A5740212F}.Debug|x86.ActiveCfg = Debug|Win32
		{6560A5FF-5167-4D5F-BDD0-9D3A5740212F}.Debug|x86.Build.0 = Debug|Win32
		{6560A5FF-5167-4D5F-BDD0-9D3A5740212F}.Release|x64.ActiveCfg = Release|x64
		{6560A5FF-5167-4D5F-BDD0-9D3A5740212F}.Release|x64.Build.0 = Release|x64
		{6560A5FF-5167-4D5F-BDD0-9D3A5740212F}.Release|x86.ActiveCfg = Release|Win32
		{6560A5FF-5167-4D5F-BDD0-9D3A5740212F}.Release|x86.Build.0 = Release|Win32
		{517816E7-C4FE-4593-B001-ECF5936F6B68}.Debug|x64.ActiveCfg = Debug|x64
		{517816E7-C4FE-4593-B001-ECF5936F6B68}.Debug|x64.Build.0 = Debug|x64
		{517816E7-C4FE-4593-B001-ECF5936F6B68}.Debug|x86.ActiveCfg = Debug|Win32
		{517816E7-C4FE-4593-B001-ECF5936F6B68}.Debug|x86.Build.0 = Debug|Win32
		{517816E7-C4FE-4593-B001-ECF5936F6B68}.Release|x64.ActiveCfg = Release|x64
		{517816E7-C4FE-4593-B001-ECF5936F6B68}.Release|x64.Build.0 = Release|x64
		{517816E7-C4FE-4593-B001-ECF5936F6B68}.Release|x86.ActiveCfg = Release|Win32
		{517816E7-C4FE-4593-B001-ECF5936F6B68}.Release|x86.Build.0 = Release|Win32
		{3FF7568A-C67A-4628-9D50-1B26B249D156}.Debug|x64.ActiveCfg = Debug|x64
		{3FF7568A-C67A-4628-9D50-1B26B249D156}.Debug|x64.Build.0 = Debug|x64
		{3FF7568A-C67A-4628-9D50-1B26B249D156}.Debug|x86.ActiveCfg = Debug|Win32
		{3FF7568A-C67A-4628-9D50-1B26B249D156}.Debug|x86.Build.0 = Debug|Win32
		{3FF7568A-C67A-4628-9D50-1B26B249D156}.Release|x64.ActiveCfg = Release|x64
		{3FF7568A-C67A-4628-9D50-1B26B249D156}.Release|x64.Build.0 = Release|x64
		{3FF7568A-C67A-4628-9D50-1B26B249D156}.Release|x86.ActiveCfg = Release|Win32
		{3FF7568A-C67A-4628-9D50-1B26B249D156}.Release|x86.Build.0 = Release|Win32
		{F20141DA-7097-493A-981E-593B5C631855}.Debug|x64.ActiveCfg = Debug|x64
		{F20141DA-7097-493A-981E-593B5C631855}.Debug|x64.Build.0 = Debug|x64
		{F20141DA-7097-493A-981E-593B5C631855}.Debug|x86.ActiveCfg = Debug|Win32
		{F20141DA-7097-493A-981E-593B5C631855}.Debug|x86.Build.0 = Debug|Win32
		{F20141DA-7097-493A-981E-593B5C631855}.Release|x64.ActiveCfg = Release|x64
		{F20141DA-7097-493A-981E-593B5C631855}.Release|x64.Build.0 = Release|x64
		{F20141DA-7097-493A-981E-593B5C631855}.Release|x86.ActiveCfg = Release|Win32
		{F20141DA-7097-493A-981E-593B5C631855}.Release|x86.Build.0 = Release|Win32
		{6DF686A5-AC9B-412C-B7A1-E1676AB57239}.Debug|x64.ActiveCfg = Debug|x64
		{6DF686A5-AC9B-412C-B7A1-E1676AB57239}.Debug|x64.Build.0 = Debug|x64
		{6DF686A5-AC9B-412C-B7A1-E1676AB57239}.Debug|x86.ActiveCfg = Debug|Win32
		{6DF686A5-AC9B-412C-B7A1-E1676AB57239}.Debug|x86.Build.0 = Debug|Win32
		{6DF686A5-AC9B-412C-B7A1-E1676AB57239}.Release|x64.ActiveCfg = Release|x64
		{6DF686A5-AC9B-412C-B7A1-E1676AB57239}.Release|x64.Build.0 = Release|x64
		{6DF686A5-AC9B-412C-B7A1-E1676AB57239}.Release|x86.ActiveCfg = Release|Win32
		{6DF686A5-AC9B-412C-B7A1-E1676AB57239}.Release|x86.Build.0 = Release|Win32
		{20A6B25F-BA04-4B8E-A85E-BF4032F662AD}.Debug|x64.ActiveCfg = Debug|x64
		{20A6B25F-BA04-4B8E-A85E-BF4032F662AD}.Debug|x64.Build.0 = Debug|x64
		{20A6B25F-BA04-4B8E-A85E-BF4032F662AD}.Debug|x86.ActiveCfg = Debug|Win32
		{20A6B25F-BA04-4B8E-A85E-BF4032F662AD}.Debug|x86.Build.0 = Debug|Win32
		{20A6B25F-BA04-4B8E-A85E-BF4032F662AD}.Release|x64.ActiveCfg = Release|x64
		{20A6B25F-BA04-4B8E-A85E-BF4032F662AD}.Release|x64.Build.0 = Release|x64
		{20A6B25F-BA04-4B8E-A85E-BF4032F662AD}.Release|x86.ActiveCfg = Release|Win32
		{20A6B25F-BA04-4B8E-A85E-BF4032F662AD}.Release|x86.Build.0 = Release|Win32
		{336FBD9E-9FF9-4A98-90B6-B849EA3CDFDD}.Debug|x64.ActiveCfg = Debug|x64
		{336FBD9E-9FF9-4A98-90B6-B849EA3CDFDD}.Debug|x64.Build.0 = Debug|x64
		{336FBD9E-9FF9-4A98-90B6-B849EA3CDFDD}.Debug|x86.ActiveCfg = Debug|Win32
		{336FBD9E-9FF9-4A98-90B6-B849EA3CDFDD}.Debug|x86.Build.0 = Debug|Win32
		{336FBD9E-9FF9-4A98-90B6-B849EA3CDFDD}.Release|x64.ActiveCfg = Release|x64
		{336FBD9E-9FF9-4A98-90B6-B849EA3CDFDD}.Release|x64.Build.0 = Release|x64
		{336FBD9E-9FF9-4A98-90B6-B849EA3CDFDD}.Release|x86.ActiveCfg = Release|Win32
		{336FBD9E-9FF9-4A98-90B6-B849EA3CDFDD}.Release|x86.Build.0 = Release|Win32
		{FBA742D4-2621-4387-9765-CEF7C931D265}.Debug|x64.ActiveCfg = Debug|x64
		{FBA742D4-2621-4387-9765-CEF7C931D265}.Debug|x64.Build.0 = Debug|x64
		{FBA742D4-2621-4387-9765-CEF7C931D265}.Debug|x86.ActiveCfg = Debug|Win32
		{FBA742D4-2621-4387-9765-CEF7C931D265}.Debug|x86.Build.0 = Debug|Win32
		{FBA742D4-2621-4387-9765-CEF7C931D265}.Release|x64.ActiveCfg = Release|x64
		{FBA742D4-2621-4387-9765-CEF7C931D265}.Release|x64.Build.0 = Release|x64
		{FBA742D4-2621-4387-9765-CEF7C931D265}.Release|x86.ActiveCfg = Release|Win32
		{FBA742D4-2621-4387-9765-CEF7C931D265}.Release|x86.Build.0 = Release|Win32
		{600755CD-F970-4A84-BB63-267E964E0470}.Debug|x64.ActiveCfg = Debug|x64
		{600755CD-F970-4A84-BB63-267E964E0470}.Debug|x64.Build.0 = Debug|x64
		{600755CD-F970-4A84-BB63-267E964E0470}.Debug|x86.ActiveCfg = Debug|Win32
		{600755CD-F970-4A84-BB63-267E964E0470}.Debug|x86.Build.0 = Debug|Win32
		{600755CD-F970-4A84-BB63-267E964E0470}.Release|x64.ActiveCfg = Release|x64
		{600755CD-F970-4A84-BB63-267E964E0470}.Release|x64.Build.0 = Release|x64
		{600755CD-F970-4A84-BB63-267E964E0470}.Release|x86.ActiveCfg = Release|Win32
		{600755CD-F970-4A84-BB63-267E964E0470}.Release|x86.Build.0 = Release|Win32
		{934685BC-2E4C-4028-8A56-66E872116694}.Debug|x64.ActiveCfg = Debug|x64
		{934685BC-2E4C-4028-8A56-66E872116694}.Debug|x64.Build.0 = Debug|x64
		{934685BC-2E4C-4028-8A56-66E872116694}.Debug|x86.ActiveCfg = Debug|Win32
		{934685BC-2E4C-4028-8A56-66E872116694}.Debug|x86.Build.0 = Debug|Win32
		{934685BC-2E4C-4028-8A56-66E872116694}.Release|x64.ActiveCfg = Release|x64
		{934685BC-2E4C-4028-8A56-66E872116694}.Release|x64.Build.0 = Release|x64
		{934685BC-2E4C-4028-8A56-66E872116694}.Release|x86.ActiveCfg = Release|Win32
		{934685BC-2E4C-4028-8A56-66E872116694}.Release|x86.Build.0 = Release|Win32
		{5B3B523A-0683-4F5F-9193-E553EEB101D3}.Debug|x64.ActiveCfg = Debug|x64
		{5B3B523A-0683-4F5F-9193-E553EEB101D3}.Debug|x64.Build.0 = Debug|x64
		{5B3B523A-0683-4F5F-9193-E553EEB101D3}.Debug|x86.ActiveCfg = Debug|Win32
		{5B3B523A-0683-4F5F-9193-E553EEB101D3}.Debug|x86.Build.0 = Debug|Win32
		{5B3B523A-0683-4F5F-9193-E553EEB101D3}.Release|x64.ActiveCfg = Release|x64
		{5B3B523A-0683-4F5F-9193-E553EEB101D3}.Release|x64.Build.0 = Release|x64
		{5B3B523A-0683-4F5F-9193-E553EEB101D3}.Release|x86.ActiveCfg = Release|Win32
		{5B3B523A-0683-4F5F-9193-E553EEB101D3}.Release|x86.Build.0 = Release|Win32
		{18A2053C-1B09-4734-A072-FF02014F6481}.Debug|x64.ActiveCfg = Debug|x64
		{18A2053C-1B09-4734-A072-FF02014F6481}.Debug|x64.Build.0 = Debug|x64
		{18A2053C-1B09-4734-A072-FF02014F6481}.Debug|x86.ActiveCfg = Debug|Win32
		{18A2053C-1B09-4734-A072-FF02014F6481}.Debug|x86.Build.0 = Debug|Win32
		{18A2053C-1B09-4734-A072-FF02014F6481}.Release|x64.ActiveCfg = Release|x64
		{18A2053C-1B09-4734-A072-FF02014F6481}.Release|x64.Build.0 = Release|x64
		{18A2053C-1B09-4734-A072-FF02014F6481}.Release|x86.ActiveCfg = Release|Win32
		{18A2053C-1B09-4734-A072-FF02014F6481}.Release|x86.Build.0 = Release|Win32
		{46813EFB-C425-4B26-9E70-9A9D5ADD4548}.Debug|x64.ActiveCfg = Debug|x64
		{46813EFB-C425-4B26-9E70-9A9D5ADD4548}.Debug|x64.Build.0 = Debug|x64
		{46813EFB-C425-4B26-9E70-9A9D5ADD4548}.Debug|x86.ActiveCfg = Debug|Win32
		{46813EFB-C425-4B26-9E70-9A9D5ADD4548}.Debug|x86.Build.0 = Debug|Win32
		{46813EFB-C425-4B26-9E70-9A9D5ADD4548}.Release|x64.ActiveCfg = Release|x64
		{46813EFB-C425-4B26-9E70-9A9D5ADD4548}.Release|x64.Build.0 = Release|x64
		{46813EFB-C425-4B26-9E70-9A9D5ADD4548}.Release|x86.ActiveCfg = Release|Win32
		{46813EFB-C425-4B26-9E70-9A9D5ADD4548}.Release|x86.Build.0 = Release|Win32
		{AA258134-2E50-4CC7-8A0E-2D0B2F2AEFF6}.Debug|x64.ActiveCfg = Debug|x64
		{AA258134-2E50-4CC7-8A0E-2D0B2F2AEFF6}.Debug|x64.Build.0 = Debug|x64
		{AA258134-2E50-4CC7-8A0E-2D0B2F2AEFF6}.Debug|x86.ActiveCfg = Debug|Win32
		{AA258134-2E50-4CC7-8A0E-2D0B2F2AEFF6}.Debug|x86.Build.0 = Debug|Win32
		{AA258134-2E50-4CC7-8A0E-2D0B2F2AEFF6}.Release|x64.ActiveCfg = Release|x64
		{AA258134-2E50-4CC7-8A0E-2D0B2F2AEFF6}.Release|x64.Build.0 = Release|x64
		{AA258134-2E50-4CC7-8A0E-2D0B2F2AEFF6}.Release|x86.ActiveCfg = Release|Win32
		{AA258134-2E50-4CC7-8A0E-2D0B2F2AEFF6}.Release|x86.Build.0 = Release|Win32
		{7D972D89-0EA8-45ED-A3CB-6D3AF0F1610C}.Debug|x64.ActiveCfg = Debug|x64
		{7D972D89-0EA8-45ED-A3CB-6D3AF0F1610C}.Debug|x64.Build.0 = Debug|x64
		{7D972D89-0EA8-45ED-A3CB-6D3AF0F1610C}.Debug|x86.ActiveCfg = Debug|Win32
		{7D972D89-0EA8-45ED-A3CB-6D3AF0F1610C}.Debug|x86.Build.0 = Debug|Win32
		{7D972D89-0EA8-45ED-A3CB-6D3AF0F1610C}.Release|x64.ActiveCfg = Release|x64
		{7D972D89-0EA8-45ED-A3CB-6D3AF0F1610C}.Release|x64.Build.0 = Release|x64
		{7D972D89-0EA8-45ED-A3CB-6D3AF0F1610C}.Release|x86.ActiveCfg = Release|Win32
		{7D972D89-0EA8-45ED-A3CB-6D3AF0F1610C}.Release|x86.Build.0 = Release|Win32
		{5E4A66A4-991B-4323-853E-15E77EFF68D3}.Debug|x64.ActiveCfg = Debug|x64
		{5E4A66A4-991B-4323-853E-15E77EFF68D3}.Debug|x64.Build.0 = Debug|x64
		{5E4A66A4-991B-4323-853E-15E77EFF68D3}.Debug|x86.ActiveCfg = Debug|Win32
		{5E4A66A4-991B-4323-853E-15E77EFF68D3}.Debug|x86.Build.0 = Debug|Win32
		{5E4A66A4-991B-4323-853E-15E77EFF68D3}.Release|x64.ActiveCfg = Release|x64
		{5E4A66A4-991B-4323-853E-15E77EFF68D3}.Release|x64.Build.0 = Release|x64
		{5E4A66A4-991B-4323-853E-15E77EFF68D3}.Release|x86.ActiveCfg = Release|Win32
		{5E4A66A4-991B-4323-853E-15E77EFF68D3}.Release|x86.Build.0 = Release|Win32
		{657C09DC-A2E8-46F3-8DEF-AFA20907E157}.Debug|x64.ActiveCfg = Debug|x64
		{657C09DC-A2E8-46F3-8DEF-AFA20907E157}.Debug|x64.Build.0 = Debug|x64
		{657C09DC-A2E8-46F3-8DEF-AFA20907E157}.Debug|x86.ActiveCfg = Debug|Win32
		{657C09DC-A2E8-46F3-8DEF-AFA20907E157}.Debug|x86.Build.0 = Debug|Win32
		{657C09DC-A2E8-46F3-8DEF-AFA20907E157}.Release|x64.ActiveCfg = Release|x64
		{657C09DC-A2E8-46F3-8DEF-AFA20907E157}.Release|x64.Build.0 = Release|x64
		{657C09DC-A2E8-46F3-8DEF-AFA20907E157}.Release|x86.ActiveCfg = Release|Win32
		{657C09DC-A2E8-46F3-8DEF-AFA20907E157}.Release|x86.Build.0 = Release|Win32
		{94414073-7BD5-42C4-8680-F99AC46C9B75}.Debug|x64.ActiveCfg = Debug|x64
		{94414073-7BD5-42C4-8680-F99AC46C9B75}.Debug|x64.Build.0 = Debug|x64
		{94414073-7BD5-42C4-8680-F99AC46C9B75}.Debug|x86.ActiveCfg = Debug|Win32
		{94414073-7BD5-42C4-8680-F99AC46C9B75}.Debug|x86.Build.0 = Debug|Win32
		{94414073-7BD5-42C4-8680-F99AC46C9B75}.Release|x64.ActiveCfg = Release|x64
		{94414073-7BD5-42C4-8680-F99AC46C9B75}.Release|x64.Build.0 = Release|x64
		{94414073-7BD5-42C4-8680-F99AC46C9B75}.Release|x86.ActiveCfg = Release|Win32
		{94414073-7BD5-42C4-8680-F99AC46C9B75}.Release|x86.Build.0 = Release|Win32
		{100BD545-0E09-4D47-86DF-AAE09929A7D0}.Debug|x64.ActiveCfg = Debug|x64
		{100BD545-0E09-4D47-86DF-AAE09929A7D0}.Debug|x64.Build.0 = Debug|x64
		{100BD545-0E09-4D47-86DF-AAE09929A7D0}.Debug|x86.ActiveCfg = Debug|Win32
		{100BD545-0E09-4D47-86DF-AAE09929A7D0}.Debug|x86.Build.0 = Debug|Win32
		{100BD545-0E09-4D47-86DF-AAE09929A7D0}.Release|x64.ActiveCfg = Release|x64
		{100BD545-0E09-4D47-86DF-AAE09929A7D0}.Release|x64.Build.0 = Release|x64
		{100BD545-0E09-4D47-86DF-AAE09929A7D0}.Release|x86.ActiveCfg = Release|Win32
		{100BD545-0E09-4D47-86DF-AAE09929A7D0}.Release|x86.Build.0 = Release|Win32
		{0D5CBA85-8977-4973-BD37-41D8D9D29BF7}.Debug|x64.ActiveCfg = Debug|x64
		{0D5CBA85-8977-4973-BD37-41D8D9D29BF7}.Debug|x64.Build.0 = Debug|x64
		{0D5CBA85-8977-4973-BD37-41D8D9D29BF7}.Debug|x86.ActiveCfg = Debug|Win32
		{0D5CBA85-8977-4973-BD37-41D8D9D29BF7}.Debug|x86.Build.0 = Debug|Win32
		{0D5CBA85-8977-4973-BD37-41D8D9D29BF7}.Release|x64.ActiveCfg = Release|x64
		{0D5CBA85-8977-4973-BD37-41D8D9D29BF7}.Release|x64.Build.0 = Release|x64
		{0D5CBA85-8977-4973-BD37-41D8D9D29BF7}.Release|x86.ActiveCfg = Release|Win32
		{0D5CBA85-8977-4973-BD37-41D8D9D29BF7}.Release|x86.Build.0 = Release|Win32
		{11A2DE65-F845-4CE4-89D2-4D31714EFD4E}.Debug|x64.ActiveCfg = Debug|x64
		{11A2DE65-F845-4CE4-89D2-4D31714EFD4E}.Debug|x64.Build.0 = Debug|x64
		{11A2DE65-F845-4CE4-89D2-4D31714EFD4E}.Debug|x86.ActiveCfg = Debug|Win32
		{11A2DE65-F845-4CE4-89D2-4D31714EFD4E}.Debug|x86.Build.0 = Debug|Win32
		{11A2DE65-F845-4CE4-89D2-4D31714EFD4E}.Release|x64.ActiveCfg = Release|x64
		{11A2DE65-F845-4CE4-89D2-4D31714EFD4E}.Release|x64.Build.0 = Release|x64
		{11A2DE65-F845-4CE4-89D2-4D31714EFD4E}.Release|x86.ActiveCfg = Release|Win32
		{11A2DE65-F845-4CE4-89D2-4D31714EFD4E}.Release|x86.Build.0 = Release|Win32
		{B50FF1AC-B84F-4E9F-B149-156696D9E73F}.Debug|x64.ActiveCfg = Debug|x64
		{B50FF1AC-B84F-4E9F-B149-156696D9E73F}.Debug|x64.Build.0 = Debug|x64
		{B50FF1AC-B84F-4E9F-B149-156696D9E73F}.Debug|x86.ActiveCfg = Debug|Win32
		{B50FF1AC-B84F-4E9F-B149-156696D9E73F}.Debug|x86.Build.0 = Debug|Win32
		{B50FF1AC-B84F-4E9F-B149-156696D9E73F}.Release|x64.ActiveCfg = Release|x64
		{B50FF1AC-B84F-4E9F-B149-156696D9E73F}.Release|x64.Build.0 = Release|x64
		{B50FF1AC-B84F-4E9F-B149-156696D9E73F}.Release|x86.ActiveCfg = Release|Win32
		{B50FF1AC-B84F-4E9F-B149-156696D9E73F}.Release|x86.Build.0 = Release|Win32
		{CE4BD220-DED9-48B8-B9F4-D638714E1953}.Debug|x64.ActiveCfg = Debug|x64
		{CE4BD220-DED9-48B8-B9F4-D638714E1953}.Debug|x64.Build.0 = Debug|x64
		{CE4BD220-DED9-48B8-B9F4-D638714E1953}.Debug|x86.ActiveCfg = Debug|Win32
		{CE4BD220-DED9-48B8-B9F4-D638714E1953}.Debug|x86.Build.0 = Debug|Win32
		{CE4BD220-DED9-48B8-B9F4-D638714E1953}.Release|x64.ActiveCfg = Release|x64
		{CE4BD220-DED9-48B8-B9F4-D638714E1953}.Release|x64.Build.0 = Release|x64
		{CE4BD220-DED9-48B8-B9F4-D638714E1953}.Release|x86.ActiveCfg = Release|Win32
		{CE4BD220-DED9-48B8-B9F4-D638714E1953}.Release|x86.Build.0 = Release|Win32
		{221E7B87-8025-4937-9B80-FA3598AA16AD}.Debug|x64.ActiveCfg = Debug|x64
		{221E7B87-8025-4937-9B80-FA3598AA16AD}.Debug|x64.Build.0 = Debug|x64
		{221E7B87-8025-4937-9B80-FA3598AA16AD}.Debug|x86.ActiveCfg = Debug|Win32
		{221E7B87-8025-4937-9B80-FA3598AA16AD}.Debug|x86.Build.0 = Debug|Win32
		{221E7B87-8025-4937-9B80-FA3598AA16AD}.Release|x64.ActiveCfg = Release|x64
		{221E7B87-8025-4937-9B80-FA3598AA16AD}.Release|x64.Build.0 = Release|x64
		{221E7B87-8025-4937-9B80-FA3598AA16AD}.Release|x86.ActiveCfg = Release|Win32
		{221E7B87-8025-4937-9B80-FA3598AA16AD}.Release|x86.Build.0 = Release|Win32
		{5AB3F122-5839-4500-B900-EC2844FD48B2}.Debug|x64.ActiveCfg = Debug|x64
		{5AB3F122-5839-4500-B900-EC2844FD48B2}.Debug|x64.Build.0 = Debug|x64
		{5AB3F122-5839-4500-B900-EC2844FD48B2}.Debug|x86.ActiveCfg = Debug|Win32
		{5AB3F122-5839-4500-B900-EC2844FD48B2}.Debug|x86.Build.0 = Debug|Win32
		{5AB3F122-5839-4500-B900-EC2844FD48B2}.Release|x64.ActiveCfg = Release|x64
		{5AB3F122-5839-4500-B900-EC2844FD48B2}.Release|x64.Build.0 = Release|x64
		{5AB3F122-5839-4500-B900-EC2844FD48B2}.Release|x86.ActiveCfg = Release|Win32
		{5AB3F122-5839-4500-B900-EC2844FD48B2}.Release|x86.Build.0 = Release|Win32
		{2F264313-26DE-4594-8DE1-C0B8DE0460D0}.Debug|x64.ActiveCfg = Debug|x64
		{2F264313-26DE-4594-8DE1-C0B8DE0460D0}.Debug|x64.Build.0 = Debug|x64
		{2F264313-26DE-4594-8DE1-C0B8DE0460D0}.Debug|x86.ActiveCfg = Debug|Win32
		{2F264313-26DE-4594-8DE1-C0B8DE0460D0}.Debug|x86.Build.0 = Debug|Win32
		{2F264313-26DE-4594-8DE1-C0B8DE0460D0}.Release|x64.ActiveCfg = Release|x64
		{2F264313-26DE-4594-8DE1-C0B8DE0460D0}.Release|x64.Build.0 = Release|x64
		{2F264313-26DE-4594-8DE1-C0B8DE0460D0}.Release|x86.ActiveCfg = Release|Win32
		{2F264313-26DE-4594-8DE1-C0B8DE0460D0}.Release|x86.Build.0 = Release|Win32
		{4D9D9DF9-AF7D-475B-BA71-1AE034ECFA08}.Debug|x64.ActiveCfg = Debug|x64
		{4D9D9DF9-AF7D-475B-BA71-1AE034ECFA08}.Debug|x64.Build.0 = Debug|x64
		{4D9D9DF9-AF7D-475B-BA71-1AE034ECFA08}.Debug|x86.ActiveCfg = Debug|Win32
		{4D9D9DF9-AF7D-475B-BA71-1AE034ECFA08}.Debug|x86.Build.0 = Debug|Win32
		{4D9D9DF9-AF7D-475B-BA71-1AE034ECFA08}.Release|x64.ActiveCfg = Release|x64
		{4D9D9DF9-AF7D-475B-BA71-1AE034ECFA08}.Release|x64.Build.0 = Release|x64
		{4D9D9DF9-AF7D-475B-BA71-1AE034ECFA08}.Release|x86.ActiveCfg = Release|Win32
		{4D9D9DF9-AF7D-475B-BA71-1AE034ECFA08}.Release|x86.Build.0 = Release|Win32
		{5DD58198-79DC-4D5C-BBF1-523F8DA5CBAE}.Debug|x64.ActiveCfg = Debug|x64
		{5DD58198-79DC-4D5C-BBF1-523F8DA5CBAE}.Debug|x64.Build.0 = Debug|x64
		{5DD58198-79DC-4D5C-BBF1-523F8DA5CBAE}.Debug|x86.ActiveCfg = Debug|Win32
		{5DD58198-79DC-4D5C-BBF1-523F8DA5CBAE}.Debug|x86.Build.0 = Debug|Win32
		{5DD58198-79DC-4D5C-BBF1-523F8DA5CBAE}.Release|x64.ActiveCfg = Release|x64
		{5DD58198-79DC-4D5C-BBF1-523F8DA5CBAE}.Release|x64.Build.0 = Release|x64
		{5DD58198-79DC-4D5C-BBF1-523F8DA5CBAE}.Release|x86.ActiveCfg = Release|Win32
		{5DD58198-79DC-4D5C-BBF1-523F8DA5CBAE}.Release|x86.Build.0 = Release|Win32
	EndGlobalSection
	GlobalSection(SolutionProperties) = preSolution
		HideSolutionNode = FALSE
	EndGlobalSection
	GlobalSection(NestedProjects) = preSolution
		{B0B339AF-6332-4747-A5C2-1A2555B2A072} = {2D9C934C-AD2D-408A-B76E-3EAAA611A5EA}
		{BCF5EB4D-4EEF-4192-9D99-7C7BBB04EB70} = {2D9C934C-AD2D-408A-B76E-3EAAA611A5EA}
		{C4EC471B-E063-4667-B64B-55A126390402} = {2D9C934C-AD2D-408A-B76E-3EAAA611A5EA}
		{70AF1CA9-2662-40FB-8517-529874C02430} = {2D9C934C-AD2D-408A-B76E-3EAAA611A5EA}
		{26D513E1-5900-4FD3-84FF-88A1E371A0E2} = {2D9C934C-AD2D-408A-B76E-3EAAA611A5EA}
		{796F615D-221C-4208-80D3-8F2F0044CEC0} = {2D9C934C-AD2D-408A-B76E-3EAAA611A5EA}
		{7C328063-10FC-497B-BCA0-A8EE3A737E2B} = {3C19E0F1-0C6C-43AB-AA74-7329F963CA7F}
		{B2FB3D14-F46B-49AA-B55C-C7E75CB8D40D} = {3C19E0F1-0C6C-43AB-AA74-7329F963CA7F}
		{B93E3F2A-5CF1-4D77-BB7E-1ABDB8A2011B} = {3C19E0F1-0C6C-43AB-AA74-7329F963CA7F}
		{0E60C480-B444-4C0C-BC89-C5277442B23A} = {3C19E0F1-0C6C-43AB-AA74-7329F963CA7F}
		{0D49F293-5E9D-4674-8009-67C121B212DE} = {3C19E0F1-0C6C-43AB-AA74-7329F963CA7F}
		{2DB473A8-B3C2-4F70-953F-EEDAB68104B8} = {3C19E0F1-0C6C-43AB-AA74-7329F963CA7F}
		{CCA12BF1-DE65-440F-89CA-932633AD413F} = {3C19E0F1-0C6C-43AB-AA74-7329F963CA7F}
		{8FB4C7AC-FEE5-4137-AEB8-60B8726372E0} = {3C19E0F1-0C6C-43AB-AA74-7329F963CA7F}
		{281F2DDC-FACA-40D9-9B03-BB6EDEE6C4B0} = {3C19E0F1-0C6C-43AB-AA74-7329F963CA7F}
		{29BD1A49-A716-4255-9B07-1EDD85EB0AD9} = {3C19E0F1-0C6C-43AB-AA74-7329F963CA7F}
		{3855F9E2-7434-4369-8672-907402F94069} = {AAC169EA-F321-4E46-9FBA-6836D22075C4}
		{A4FF92D2-6F02-495E-8EB8-0E7827234DAB} = {AAC169EA-F321-4E46-9FBA-6836D22075C4}
		{E09E55FA-A2FC-4725-8A32-9A1C3D600EB2} = {AAC169EA-F321-4E46-9FBA-6836D22075C4}
		{0069DC37-81EA-4A59-A0DD-834B20373591} = {AAC169EA-F321-4E46-9FBA-6836D22075C4}
		{3F88AA4A-978E-49D6-AAD8-DEBAC9B81306} = {AAC169EA-F321-4E46-9FBA-6836D22075C4}
		{24391F8D-735E-4D99-BFB0-FAB4C8B51AB3} = {AAC169EA-F321-4E46-9FBA-6836D22075C4}
		{B1949700-FAA1-401B-A9A6-9E608FCC8ED2} = {AAC169EA-F321-4E46-9FBA-6836D22075C4}
		{F5F675A5-80E8-4B14-A56D-B067AB26BFEF} = {AAC169EA-F321-4E46-9FBA-6836D22075C4}
		{20902588-74D7-4D32-80B2-9F12DEF5412E} = {AAC169EA-F321-4E46-9FBA-6836D22075C4}
		{F2EAD873-D8ED-4811-ADAD-73B0BAAE0F23} = {AAC169EA-F321-4E46-9FBA-6836D22075C4}
		{1F8369FA-C043-4107-AC51-3955CD767EC8} = {AAC169EA-F321-4E46-9FBA-6836D22075C4}
		{C6E42FC4-6A1B-4971-8D1C-2DED93F530F8} = {AAC169EA-F321-4E46-9FBA-6836D22075C4}
		{857246DA-A319-49BD-A9EF-9311A4F887F6} = {AAC169EA-F321-4E46-9FBA-6836D22075C4}
		{DE395A80-7FB1-45E1-80EB-49E019736433} = {AAC169EA-F321-4E46-9FBA-6836D22075C4}
		{6B7F3376-453D-4C01-9F01-8B306BFC488F} = {AAC169EA-F321-4E46-9FBA-6836D22075C4}
		{696398CE-C983-4B88-8309-B647E5D6827F} = {AAC169EA-F321-4E46-9FBA-6836D22075C4}
		{621CDCDD-FCA6-412F-B4F0-55BCA6EF299D} = {AAC169EA-F321-4E46-9FBA-6836D22075C4}
		{8F15BB93-994D-4C87-9265-D5D06EAA16FD} = {AAC169EA-F321-4E46-9FBA-6836D22075C4}
		{09522AF9-EDA8-4BD2-8C31-D16A4A05F5B8} = {AAC169EA-F321-4E46-9FBA-6836D22075C4}
		{211464A3-B2F6-4244-9D52-4F7E2D3C23FE} = {AAC169EA-F321-4E46-9FBA-6836D22075C4}
		{1757D969-1D92-43CE-AAE2-29181B4062B7} = {AAC169EA-F321-4E46-9FBA-6836D22075C4}
		{B4223A75-14BC-4C59-A4CB-9E9486EC49A1} = {AAC169EA-F321-4E46-9FBA-6836D22075C4}
		{839D0339-F519-4128-835D-BAF938113A97} = {CA349408-0E59-484E-8A24-E18BC0AED637}
		{E9B454C2-6B2C-4AFC-B690-B38C3C62B6A0} = {CA349408-0E59-484E-8A24-E18BC0AED637}
		{12839C92-7D55-4DE2-9887-BCDBE58AB01B} = {CA349408-0E59-484E-8A24-E18BC0AED637}
		{3966A653-62E6-434B-A936-CF07F2C6CA61} = {CA349408-0E59-484E-8A24-E18BC0AED637}
		{1581D8F1-25D2-4A53-8846-0B4A659F7B81} = {CA349408-0E59-484E-8A24-E18BC0AED637}
		{9C77DE91-BF52-4887-BFB2-61B5E3AE7D68} = {CA349408-0E59-484E-8A24-E18BC0AED637}
		{ABD266DF-FD2A-456D-9063-79AF9CB12BD5} = {CA349408-0E59-484E-8A24-E18BC0AED637}
		{FDF111BA-CD8C-418A-B3AB-A6EADA5ED6B8} = {CA349408-0E59-484E-8A24-E18BC0AED637}
		{62CF5D5D-A8C9-4873-967F-452DC51F49D6} = {D0DB1D34-E6C9-4521-BFA0-6E79A8E2BBF3}
		{0C55519A-156D-4F02-9F0E-254E6953E0F2} = {D0DB1D34-E6C9-4521-BFA0-6E79A8E2BBF3}
		{C8AB0FFB-BEB5-447F-8BDF-F5D56833B869} = {D0DB1D34-E6C9-4521-BFA0-6E79A8E2BBF3}
		{5D544E75-B2E4-49B6-A860-5B71DC3D1038} = {D0DB1D34-E6C9-4521-BFA0-6E79A8E2BBF3}
		{97B66439-FCF0-42B0-9A4D-50F6C99E61BD} = {D0DB1D34-E6C9-4521-BFA0-6E79A8E2BBF3}
		{BC3352E4-3965-4B3D-B0E0-D98428FCD29D} = {D0DB1D34-E6C9-4521-BFA0-6E79A8E2BBF3}
		{1AA947E1-413A-4794-9E5D-1B347CAA583F} = {D0DB1D34-E6C9-4521-BFA0-6E79A8E2BBF3}
		{2A53155D-3974-4041-8C25-0F8F76BFA193} = {D0DB1D34-E6C9-4521-BFA0-6E79A8E2BBF3}
		{CC88E8A4-FCF3-4F94-B3C8-7F6266A8F4A6} = {D0DB1D34-E6C9-4521-BFA0-6E79A8E2BBF3}
		{39580467-A30D-466A-BAEB-1AC582FDE45A} = {D0DB1D34-E6C9-4521-BFA0-6E79A8E2BBF3}
		{3B5B0DB6-422B-4535-A7E0-BA69B5501AF0} = {D0DB1D34-E6C9-4521-BFA0-6E79A8E2BBF3}
		{39D66F0A-BB5B-4541-BD83-0D825E3E86CA} = {D0DB1D34-E6C9-4521-BFA0-6E79A8E2BBF3}
		{9BA03EFE-D162-47BB-8C3E-EF2EE5468895} = {D0DB1D34-E6C9-4521-BFA0-6E79A8E2BBF3}
		{D8502B52-3B02-4918-B99E-A50CDEFC1CA0} = {D0DB1D34-E6C9-4521-BFA0-6E79A8E2BBF3}
		{CFDB0768-4E6E-4083-BF08-D9127DEC08AA} = {D0DB1D34-E6C9-4521-BFA0-6E79A8E2BBF3}
		{856F634E-48F6-4A12-8590-04FC50F10B66} = {D0DB1D34-E6C9-4521-BFA0-6E79A8E2BBF3}
		{2A282BE8-8B2E-4CF1-8CE9-9DEB18A53AF3} = {819928A2-568E-4D1D-B8D6-0B7264D7B473}
		{761FBBBC-F412-4C19-88AB-3939053F3A65} = {819928A2-568E-4D1D-B8D6-0B7264D7B473}
		{98315994-03CE-4AE4-A2AB-246C53531164} = {819928A2-568E-4D1D-B8D6-0B7264D7B473}
		{B7C30DDE-08B9-450E-8B5B-FC3FC6A0EEFC} = {819928A2-568E-4D1D-B8D6-0B7264D7B473}
		{0F3D539E-9CFF-4728-82DC-FCB21151527B} = {819928A2-568E-4D1D-B8D6-0B7264D7B473}
		{A77040D1-1E1F-4F54-8604-2B0DA16C668E} = {819928A2-568E-4D1D-B8D6-0B7264D7B473}
		{6560A5FF-5167-4D5F-BDD0-9D3A5740212F} = {819928A2-568E-4D1D-B8D6-0B7264D7B473}
		{517816E7-C4FE-4593-B001-ECF5936F6B68} = {819928A2-568E-4D1D-B8D6-0B7264D7B473}
		{3FF7568A-C67A-4628-9D50-1B26B249D156} = {819928A2-568E-4D1D-B8D6-0B7264D7B473}
		{F20141DA-7097-493A-981E-593B5C631855} = {819928A2-568E-4D1D-B8D6-0B7264D7B473}
		{6DF686A5-AC9B-412C-B7A1-E1676AB57239} = {819928A2-568E-4D1D-B8D6-0B7264D7B473}
		{20A6B25F-BA04-4B8E-A85E-BF4032F662AD} = {B8D4487F-E0FB-4567-B138-54DAFF2B9846}
		{336FBD9E-9FF9-4A98-90B6-B849EA3CDFDD} = {B8D4487F-E0FB-4567-B138-54DAFF2B9846}
		{FBA742D4-2621-4387-9765-CEF7C931D265} = {B8D4487F-E0FB-4567-B138-54DAFF2B9846}
		{600755CD-F970-4A84-BB63-267E964E0470} = {B8D4487F-E0FB-4567-B138-54DAFF2B9846}
		{934685BC-2E4C-4028-8A56-66E872116694} = {B8D4487F-E0FB-4567-B138-54DAFF2B9846}
		{5B3B523A-0683-4F5F-9193-E553EEB101D3} = {B8D4487F-E0FB-4567-B138-54DAFF2B9846}
		{18A2053C-1B09-4734-A072-FF02014F6481} = {B8D4487F-E0FB-4567-B138-54DAFF2B9846}
		{46813EFB-C425-4B26-9E70-9A9D5ADD4548} = {B8D4487F-E0FB-4567-B138-54DAFF2B9846}
		{AA258134-2E50-4CC7-8A0E-2D0B2F2AEFF6} = {B8D4487F-E0FB-4567-B138-54DAFF2B9846}
		{7D972D89-0EA8-45ED-A3CB-6D3AF0F1610C} = {B8D4487F-E0FB-4567-B138-54DAFF2B9846}
		{5E4A66A4-991B-4323-853E-15E77EFF68D3} = {B8D4487F-E0FB-4567-B138-54DAFF2B9846}
		{657C09DC-A2E8-46F3-8DEF-AFA20907E157} = {B8D4487F-E0FB-4567-B138-54DAFF2B9846}
		{94414073-7BD5-42C4-8680-F99AC46C9B75} = {B8D4487F-E0FB-4567-B138-54DAFF2B9846}
		{100BD545-0E09-4D47-86DF-AAE09929A7D0} = {B8D4487F-E0FB-4567-B138-54DAFF2B9846}
		{0D5CBA85-8977-4973-BD37-41D8D9D29BF7} = {B8D4487F-E0FB-4567-B138-54DAFF2B9846}
		{11A2DE65-F845-4CE4-89D2-4D31714EFD4E} = {583D5B28-5613-476A-A499-60EE98705E46}
		{B50FF1AC-B84F-4E9F-B149-156696D9E73F} = {583D5B28-5613-476A-A499-60EE98705E46}
		{CE4BD220-DED9-48B8-B9F4-D638714E1953} = {583D5B28-5613-476A-A499-60EE98705E46}
		{221E7B87-8025-4937-9B80-FA3598AA16AD} = {583D5B28-5613-476A-A499-60EE98705E46}
		{5AB3F122-5839-4500-B900-EC2844FD48B2} = {583D5B28-5613-476A-A499-60EE98705E46}
		{2F264313-26DE-4594-8DE1-C0B8DE0460D0} = {583D5B28-5613-476A-A499-60EE98705E46}
		{4D9D9DF9-AF7D-475B-BA71-1AE034ECFA08} = {583D5B28-5613-476A-A499-60EE98705E46}
		{5DD58198-79DC-4D5C-BBF1-523F8DA5CBAE} = {583D5B28-5613-476A-A499-60EE98705E46}
	EndGlobalSection
	GlobalSection(ExtensibilityGlobals) = postSolution
		SolutionGuid = {54C6EDC7-4B8C-4BD9-8AB3-A8576BB2B7A9}
	EndGlobalSection
EndGlobal
